
Microsoft Visual Studio Solution File, Format Version 10.00
# Visual Studio 2008
Project("{8BC9CEB8-8B4A-11D0-8D11-00A0C91BC942}") = "runvas_geekcon", "runvas_geekcon\runvas_geekcon.vcproj", "{ABBC7D98-9C56-4A2E-8268-928081A7FA5E}"
EndProject
Global
	GlobalSection(SolutionConfigurationPlatforms) = preSolution
		Debug|Win32 = Debug|Win32
		Release|Win32 = Release|Win32
	EndGlobalSection
	GlobalSection(ProjectConfigurationPlatforms) = postSolution
		{ABBC7D98-9C56-4A2E-8268-928081A7FA5E}.Debug|Win32.ActiveCfg = Debug|Win32
		{ABBC7D98-9C56-4A2E-8268-928081A7FA5E}.Debug|Win32.Build.0 = Debug|Win32
		{ABBC7D98-9C56-4A2E-8268-928081A7FA5E}.Release|Win32.ActiveCfg = Release|Win32
		{ABBC7D98-9C56-4A2E-8268-928081A7FA5E}.Release|Win32.Build.0 = Release|Win32
	EndGlobalSection
	GlobalSection(SolutionProperties) = preSolution
		HideSolutionNode = FALSE
	EndGlobalSection
EndGlobal
