// !$*UTF8*$!
{
	archiveVersion = 1;
	classes = {
	};
	objectVersion = 45;
	objects = {

/* Begin PBXBuildFile section */
		1D3623260D0F684500981E51 /* NyARToolkitCrossCompileAppDelegate.m in Sources */ = {isa = PBXBuildFile; fileRef = 1D3623250D0F684500981E51 /* NyARToolkitCrossCompileAppDelegate.m */; };
		1D60589B0D05DD56006BFB54 /* main.m in Sources */ = {isa = PBXBuildFile; fileRef = 29B97316FDCFA39411CA2CEA /* main.m */; };
		1D60589F0D05DD5A006BFB54 /* Foundation.framework in Frameworks */ = {isa = PBXBuildFile; fileRef = 1D30AB110D05D00D00671497 /* Foundation.framework */; };
		1DF5F4E00D08C38300B7A737 /* UIKit.framework in Frameworks */ = {isa = PBXBuildFile; fileRef = 1DF5F4DF0D08C38300B7A737 /* UIKit.framework */; };
		288765FD0DF74451002DB57D /* CoreGraphics.framework in Frameworks */ = {isa = PBXBuildFile; fileRef = 288765FC0DF74451002DB57D /* CoreGraphics.framework */; };
		28AD733F0D9D9553002E5188 /* MainWindow.xib in Resources */ = {isa = PBXBuildFile; fileRef = 28AD733E0D9D9553002E5188 /* MainWindow.xib */; };
		F86FC49A0FE797E400CCAA60 /* 320x240ABGR.raw in Resources */ = {isa = PBXBuildFile; fileRef = F86FC3FD0FE797E400CCAA60 /* 320x240ABGR.raw */; };
		F86FC49B0FE797E400CCAA60 /* camera_para.dat in Resources */ = {isa = PBXBuildFile; fileRef = F86FC3FE0FE797E400CCAA60 /* camera_para.dat */; };
		F86FC49C0FE797E400CCAA60 /* patt.hiro in Resources */ = {isa = PBXBuildFile; fileRef = F86FC3FF0FE797E400CCAA60 /* patt.hiro */; };
		F86FC49D0FE797E400CCAA60 /* patt.kanji in Resources */ = {isa = PBXBuildFile; fileRef = F86FC4000FE797E400CCAA60 /* patt.kanji */; };
		F86FC49E0FE797E400CCAA60 /* pattHiro.pdf in Resources */ = {isa = PBXBuildFile; fileRef = F86FC4010FE797E400CCAA60 /* pattHiro.pdf */; };
		F86FC49F0FE797E400CCAA60 /* pattKanji.pdf in Resources */ = {isa = PBXBuildFile; fileRef = F86FC4020FE797E400CCAA60 /* pattKanji.pdf */; };
		F86FC4A00FE797E400CCAA60 /* makefile in Sources */ = {isa = PBXBuildFile; fileRef = F86FC4060FE797E400CCAA60 /* makefile */; };
		F86FC4A10FE797E400CCAA60 /* makefile.env in Resources */ = {isa = PBXBuildFile; fileRef = F86FC4070FE797E400CCAA60 /* makefile.env */; };
		F86FC4A20FE797E400CCAA60 /* makefile.rule in Resources */ = {isa = PBXBuildFile; fileRef = F86FC4080FE797E400CCAA60 /* makefile.rule */; };
		F86FC4A30FE797E400CCAA60 /* makefile in Sources */ = {isa = PBXBuildFile; fileRef = F86FC40A0FE797E400CCAA60 /* makefile */; };
		F86FC4A40FE797E400CCAA60 /* main.cpp in Sources */ = {isa = PBXBuildFile; fileRef = F86FC40C0FE797E400CCAA60 /* main.cpp */; };
		F86FC4A50FE797E400CCAA60 /* makefile in Sources */ = {isa = PBXBuildFile; fileRef = F86FC40D0FE797E400CCAA60 /* makefile */; };
		F86FC4A60FE797E400CCAA60 /* NyARToolkitCPP.vcproj in Resources */ = {isa = PBXBuildFile; fileRef = F86FC4100FE797E400CCAA60 /* NyARToolkitCPP.vcproj */; };
		F86FC4A70FE797E400CCAA60 /* main.cpp in Sources */ = {isa = PBXBuildFile; fileRef = F86FC4120FE797E400CCAA60 /* main.cpp */; };
		F86FC4A80FE797E400CCAA60 /* NyARToolkitCPP-RawTest.vcproj in Resources */ = {isa = PBXBuildFile; fileRef = F86FC4130FE797E400CCAA60 /* NyARToolkitCPP-RawTest.vcproj */; };
		F86FC4A90FE797E400CCAA60 /* NyARToolkitCPP.sln in Resources */ = {isa = PBXBuildFile; fileRef = F86FC4140FE797E400CCAA60 /* NyARToolkitCPP.sln */; };
		F86FC4AA0FE797E400CCAA60 /* LICENCE.txt in Resources */ = {isa = PBXBuildFile; fileRef = F86FC4590FE797E400CCAA60 /* LICENCE.txt */; };
		F86FC4AB0FE797E400CCAA60 /* readme.ja.txt in Resources */ = {isa = PBXBuildFile; fileRef = F86FC45A0FE797E400CCAA60 /* readme.ja.txt */; };
		F86FC4AC0FE797E400CCAA60 /* INyARBufferReader.cpp in Sources */ = {isa = PBXBuildFile; fileRef = F86FC45D0FE797E400CCAA60 /* INyARBufferReader.cpp */; };
		F86FC4AD0FE797E400CCAA60 /* INyARCameraDistortionFactor.cpp in Sources */ = {isa = PBXBuildFile; fileRef = F86FC45E0FE797E400CCAA60 /* INyARCameraDistortionFactor.cpp */; };
		F86FC4AE0FE797E400CCAA60 /* INyARColorPatt.cpp in Sources */ = {isa = PBXBuildFile; fileRef = F86FC45F0FE797E400CCAA60 /* INyARColorPatt.cpp */; };
		F86FC4AF0FE797E400CCAA60 /* INyARDoubleMatrix.cpp in Sources */ = {isa = PBXBuildFile; fileRef = F86FC4600FE797E400CCAA60 /* INyARDoubleMatrix.cpp */; };
		F86FC4B00FE797E400CCAA60 /* INyARLabeling.cpp in Sources */ = {isa = PBXBuildFile; fileRef = F86FC4610FE797E400CCAA60 /* INyARLabeling.cpp */; };
		F86FC4B10FE797E400CCAA60 /* INyARLabelingImage.cpp in Sources */ = {isa = PBXBuildFile; fileRef = F86FC4620FE797E400CCAA60 /* INyARLabelingImage.cpp */; };
		F86FC4B20FE797E400CCAA60 /* INyARMatchPatt.cpp in Sources */ = {isa = PBXBuildFile; fileRef = F86FC4630FE797E400CCAA60 /* INyARMatchPatt.cpp */; };
		F86FC4B30FE797E400CCAA60 /* INyARPca2d.cpp in Sources */ = {isa = PBXBuildFile; fileRef = F86FC4640FE797E400CCAA60 /* INyARPca2d.cpp */; };
		F86FC4B40FE797E400CCAA60 /* INyARRaster.cpp in Sources */ = {isa = PBXBuildFile; fileRef = F86FC4650FE797E400CCAA60 /* INyARRaster.cpp */; };
		F86FC4B50FE797E400CCAA60 /* INyARRasterFilter_RgbToBin.cpp in Sources */ = {isa = PBXBuildFile; fileRef = F86FC4660FE797E400CCAA60 /* INyARRasterFilter_RgbToBin.cpp */; };
		F86FC4B60FE797E400CCAA60 /* INyARRgbPixelReader.cpp in Sources */ = {isa = PBXBuildFile; fileRef = F86FC4670FE797E400CCAA60 /* INyARRgbPixelReader.cpp */; };
		F86FC4B70FE797E400CCAA60 /* INyARRgbRaster.cpp in Sources */ = {isa = PBXBuildFile; fileRef = F86FC4680FE797E400CCAA60 /* INyARRgbRaster.cpp */; };
		F86FC4B80FE797E400CCAA60 /* INyARRotTransOptimize.cpp in Sources */ = {isa = PBXBuildFile; fileRef = F86FC4690FE797E400CCAA60 /* INyARRotTransOptimize.cpp */; };
		F86FC4B90FE797E400CCAA60 /* INyARSquareDetector.cpp in Sources */ = {isa = PBXBuildFile; fileRef = F86FC46A0FE797E400CCAA60 /* INyARSquareDetector.cpp */; };
		F86FC4BA0FE797E400CCAA60 /* INyARTransMat.cpp in Sources */ = {isa = PBXBuildFile; fileRef = F86FC46B0FE797E400CCAA60 /* INyARTransMat.cpp */; };
		F86FC4BB0FE797E400CCAA60 /* makefile in Sources */ = {isa = PBXBuildFile; fileRef = F86FC46C0FE797E400CCAA60 /* makefile */; };
		F86FC4BC0FE797E400CCAA60 /* NyARBinRaster.cpp in Sources */ = {isa = PBXBuildFile; fileRef = F86FC46D0FE797E400CCAA60 /* NyARBinRaster.cpp */; };
		F86FC4BD0FE797E400CCAA60 /* NyARBufferReader.cpp in Sources */ = {isa = PBXBuildFile; fileRef = F86FC46E0FE797E400CCAA60 /* NyARBufferReader.cpp */; };
		F86FC4BE0FE797E400CCAA60 /* NyARCameraDistortionFactor.cpp in Sources */ = {isa = PBXBuildFile; fileRef = F86FC46F0FE797E400CCAA60 /* NyARCameraDistortionFactor.cpp */; };
		F86FC4BF0FE797E400CCAA60 /* NyARCode.cpp in Sources */ = {isa = PBXBuildFile; fileRef = F86FC4700FE797E400CCAA60 /* NyARCode.cpp */; };
		F86FC4C00FE797E400CCAA60 /* NyARColorPatt_O3.cpp in Sources */ = {isa = PBXBuildFile; fileRef = F86FC4710FE797E400CCAA60 /* NyARColorPatt_O3.cpp */; };
		F86FC4C10FE797E400CCAA60 /* NyARDetectMarker.cpp in Sources */ = {isa = PBXBuildFile; fileRef = F86FC4720FE797E400CCAA60 /* NyARDetectMarker.cpp */; };
		F86FC4C20FE797E400CCAA60 /* NyARDoubleMatrix22.cpp in Sources */ = {isa = PBXBuildFile; fileRef = F86FC4730FE797E400CCAA60 /* NyARDoubleMatrix22.cpp */; };
		F86FC4C30FE797E400CCAA60 /* NyARDoubleMatrix33.cpp in Sources */ = {isa = PBXBuildFile; fileRef = F86FC4740FE797E400CCAA60 /* NyARDoubleMatrix33.cpp */; };
		F86FC4C40FE797E400CCAA60 /* NyARDoubleMatrix34.cpp in Sources */ = {isa = PBXBuildFile; fileRef = F86FC4750FE797E400CCAA60 /* NyARDoubleMatrix34.cpp */; };
		F86FC4C50FE797E400CCAA60 /* NyARException.cpp in Sources */ = {isa = PBXBuildFile; fileRef = F86FC4760FE797E400CCAA60 /* NyARException.cpp */; };
		F86FC4C60FE797E400CCAA60 /* NyARFitVecCalculator.cpp in Sources */ = {isa = PBXBuildFile; fileRef = F86FC4770FE797E400CCAA60 /* NyARFitVecCalculator.cpp */; };
		F86FC4C70FE797E400CCAA60 /* NyARGrayscaleRaster.cpp in Sources */ = {isa = PBXBuildFile; fileRef = F86FC4780FE797E400CCAA60 /* NyARGrayscaleRaster.cpp */; };
		F86FC4C80FE797E400CCAA60 /* NyARIntPointStack.cpp in Sources */ = {isa = PBXBuildFile; fileRef = F86FC4790FE797E400CCAA60 /* NyARIntPointStack.cpp */; };
		F86FC4C90FE797E400CCAA60 /* NyARIntRectStack.cpp in Sources */ = {isa = PBXBuildFile; fileRef = F86FC47A0FE797E400CCAA60 /* NyARIntRectStack.cpp */; };
		F86FC4CA0FE797E400CCAA60 /* NyARLabeling_ARToolKit.cpp in Sources */ = {isa = PBXBuildFile; fileRef = F86FC47B0FE797E400CCAA60 /* NyARLabeling_ARToolKit.cpp */; };
		F86FC4CB0FE797E400CCAA60 /* NyARLabelingImage.cpp in Sources */ = {isa = PBXBuildFile; fileRef = F86FC47C0FE797E400CCAA60 /* NyARLabelingImage.cpp */; };
		F86FC4CC0FE797E400CCAA60 /* NyARLabelingLabel.cpp in Sources */ = {isa = PBXBuildFile; fileRef = F86FC47D0FE797E400CCAA60 /* NyARLabelingLabel.cpp */; };
		F86FC4CD0FE797E400CCAA60 /* NyARLabelingLabelStack.cpp in Sources */ = {isa = PBXBuildFile; fileRef = F86FC47E0FE797E400CCAA60 /* NyARLabelingLabelStack.cpp */; };
		F86FC4CE0FE797E400CCAA60 /* NyARMat.cpp in Sources */ = {isa = PBXBuildFile; fileRef = F86FC47F0FE797E400CCAA60 /* NyARMat.cpp */; };
		F86FC4CF0FE797E400CCAA60 /* NyARMatchPatt_Color_WITHOUT_PCA.cpp in Sources */ = {isa = PBXBuildFile; fileRef = F86FC4800FE797E400CCAA60 /* NyARMatchPatt_Color_WITHOUT_PCA.cpp */; };
		F86FC4D00FE797E400CCAA60 /* NyARObserv2IdealMap.cpp in Sources */ = {isa = PBXBuildFile; fileRef = F86FC4810FE797E400CCAA60 /* NyARObserv2IdealMap.cpp */; };
		F86FC4D10FE797E400CCAA60 /* NyARParam.cpp in Sources */ = {isa = PBXBuildFile; fileRef = F86FC4820FE797E400CCAA60 /* NyARParam.cpp */; };
		F86FC4D20FE797E400CCAA60 /* NyARPca2d_MatrixPCA_O2.cpp in Sources */ = {isa = PBXBuildFile; fileRef = F86FC4830FE797E400CCAA60 /* NyARPca2d_MatrixPCA_O2.cpp */; };
		F86FC4D30FE797E400CCAA60 /* NyARPerspectiveProjectionMatrix.cpp in Sources */ = {isa = PBXBuildFile; fileRef = F86FC4840FE797E400CCAA60 /* NyARPerspectiveProjectionMatrix.cpp */; };
		F86FC4D40FE797E400CCAA60 /* NyARRaster_BasicClass.cpp in Sources */ = {isa = PBXBuildFile; fileRef = F86FC4850FE797E400CCAA60 /* NyARRaster_BasicClass.cpp */; };
		F86FC4D50FE797E400CCAA60 /* NyARRasterFilter_ARToolkitThreshold.cpp in Sources */ = {isa = PBXBuildFile; fileRef = F86FC4860FE797E400CCAA60 /* NyARRasterFilter_ARToolkitThreshold.cpp */; };
		F86FC4D60FE797E400CCAA60 /* NyARRgbRaster_BasicClass.cpp in Sources */ = {isa = PBXBuildFile; fileRef = F86FC4870FE797E400CCAA60 /* NyARRgbRaster_BasicClass.cpp */; };
		F86FC4D70FE797E400CCAA60 /* NyARRgbRaster_BGRA.cpp in Sources */ = {isa = PBXBuildFile; fileRef = F86FC4880FE797E400CCAA60 /* NyARRgbRaster_BGRA.cpp */; };
		F86FC4D80FE797E400CCAA60 /* NyARRotMatrix.cpp in Sources */ = {isa = PBXBuildFile; fileRef = F86FC4890FE797E400CCAA60 /* NyARRotMatrix.cpp */; };
		F86FC4D90FE797E400CCAA60 /* NyARRotMatrix_ARToolKit.cpp in Sources */ = {isa = PBXBuildFile; fileRef = F86FC48A0FE797E400CCAA60 /* NyARRotMatrix_ARToolKit.cpp */; };
		F86FC4DA0FE797E400CCAA60 /* NyARRotTransOptimize_O2.cpp in Sources */ = {isa = PBXBuildFile; fileRef = F86FC48B0FE797E400CCAA60 /* NyARRotTransOptimize_O2.cpp */; };
		F86FC4DB0FE797E400CCAA60 /* NyARRotVector.cpp in Sources */ = {isa = PBXBuildFile; fileRef = F86FC48C0FE797E400CCAA60 /* NyARRotVector.cpp */; };
		F86FC4DC0FE797E400CCAA60 /* NyARSingleDetectMarker.cpp in Sources */ = {isa = PBXBuildFile; fileRef = F86FC48D0FE797E400CCAA60 /* NyARSingleDetectMarker.cpp */; };
		F86FC4DD0FE797E400CCAA60 /* NyARSquare.cpp in Sources */ = {isa = PBXBuildFile; fileRef = F86FC48E0FE797E400CCAA60 /* NyARSquare.cpp */; };
		F86FC4DE0FE797E400CCAA60 /* NyARSquareDetector.cpp in Sources */ = {isa = PBXBuildFile; fileRef = F86FC48F0FE797E400CCAA60 /* NyARSquareDetector.cpp */; };
		F86FC4DF0FE797E400CCAA60 /* NyARSquareStack.cpp in Sources */ = {isa = PBXBuildFile; fileRef = F86FC4900FE797E400CCAA60 /* NyARSquareStack.cpp */; };
		F86FC4E00FE797E400CCAA60 /* NyARTransMat.cpp in Sources */ = {isa = PBXBuildFile; fileRef = F86FC4910FE797E400CCAA60 /* NyARTransMat.cpp */; };
		F86FC4E10FE797E400CCAA60 /* NyARTransMatResult.cpp in Sources */ = {isa = PBXBuildFile; fileRef = F86FC4920FE797E400CCAA60 /* NyARTransMatResult.cpp */; };
		F86FC4E20FE797E400CCAA60 /* NyARTransOffset.cpp in Sources */ = {isa = PBXBuildFile; fileRef = F86FC4930FE797E400CCAA60 /* NyARTransOffset.cpp */; };
		F86FC4E30FE797E400CCAA60 /* NyARVec.cpp in Sources */ = {isa = PBXBuildFile; fileRef = F86FC4940FE797E400CCAA60 /* NyARVec.cpp */; };
		F86FC4E40FE797E400CCAA60 /* NyARVertexCounter.cpp in Sources */ = {isa = PBXBuildFile; fileRef = F86FC4950FE797E400CCAA60 /* NyARVertexCounter.cpp */; };
		F86FC4E50FE797E400CCAA60 /* makefile in Sources */ = {isa = PBXBuildFile; fileRef = F86FC4980FE797E400CCAA60 /* makefile */; };
		F86FC4E60FE797E400CCAA60 /* NyStdLib.cpp in Sources */ = {isa = PBXBuildFile; fileRef = F86FC4990FE797E400CCAA60 /* NyStdLib.cpp */; };
		F86FC5340FE8CCBD00CCAA60 /* NyARToolkitWrapper.mm in Sources */ = {isa = PBXBuildFile; fileRef = F86FC5330FE8CCBD00CCAA60 /* NyARToolkitWrapper.mm */; };
		F86FC5D40FEF5BFA00CCAA60 /* 3DGraphicsView.m in Sources */ = {isa = PBXBuildFile; fileRef = F86FC5D30FEF5BFA00CCAA60 /* 3DGraphicsView.m */; };
		F86FC6230FEF699400CCAA60 /* OpenGLES.framework in Frameworks */ = {isa = PBXBuildFile; fileRef = F86FC6220FEF699400CCAA60 /* OpenGLES.framework */; };
		F86FC65D0FEF6BE100CCAA60 /* QuartzCore.framework in Frameworks */ = {isa = PBXBuildFile; fileRef = F86FC65C0FEF6BE100CCAA60 /* QuartzCore.framework */; };
		F86FC6BA0FEF9FA000CCAA60 /* IMG_0020_small.png in Resources */ = {isa = PBXBuildFile; fileRef = F86FC6B90FEF9FA000CCAA60 /* IMG_0020_small.png */; };
		F86FC7810FEFA8AD00CCAA60 /* IMG_0021_small.png in Resources */ = {isa = PBXBuildFile; fileRef = F86FC7800FEFA8AD00CCAA60 /* IMG_0021_small.png */; };
		F86FC7E40FEFAE1600CCAA60 /* IMG_0022.png in Resources */ = {isa = PBXBuildFile; fileRef = F86FC7E30FEFAE1600CCAA60 /* IMG_0022.png */; };
		F86FC7F60FEFB01E00CCAA60 /* IMG_0020_r.png in Resources */ = {isa = PBXBuildFile; fileRef = F86FC7F50FEFB01E00CCAA60 /* IMG_0020_r.png */; };
		F86FC8030FEFB10100CCAA60 /* IMG_0021_r.png in Resources */ = {isa = PBXBuildFile; fileRef = F86FC8020FEFB10100CCAA60 /* IMG_0021_r.png */; };
		F86FC8580FEFBB8200CCAA60 /* IMG_0022_r.png in Resources */ = {isa = PBXBuildFile; fileRef = F86FC8570FEFBB8200CCAA60 /* IMG_0022_r.png */; };
		F8F1140A0FF8D98C00DDD537 /* CameraTestAppDelegate.m in Sources */ = {isa = PBXBuildFile; fileRef = F8F114050FF8D98C00DDD537 /* CameraTestAppDelegate.m */; };
		F8F1140B0FF8D98C00DDD537 /* Surface.m in Sources */ = {isa = PBXBuildFile; fileRef = F8F114070FF8D98C00DDD537 /* Surface.m */; };
		F8F1140C0FF8D98C00DDD537 /* SurfaceAccelerator.m in Sources */ = {isa = PBXBuildFile; fileRef = F8F114090FF8D98C00DDD537 /* SurfaceAccelerator.m */; };
		F8F1142D0FF8DD2400DDD537 /* PhotoLibrary.framework in Frameworks */ = {isa = PBXBuildFile; fileRef = F8F1142C0FF8DD2400DDD537 /* PhotoLibrary.framework */; };
/* End PBXBuildFile section */

/* Begin PBXFileReference section */
		1D30AB110D05D00D00671497 /* Foundation.framework */ = {isa = PBXFileReference; lastKnownFileType = wrapper.framework; name = Foundation.framework; path = System/Library/Frameworks/Foundation.framework; sourceTree = SDKROOT; };
		1D3623240D0F684500981E51 /* NyARToolkitCrossCompileAppDelegate.h */ = {isa = PBXFileReference; fileEncoding = 4; lastKnownFileType = sourcecode.c.h; path = NyARToolkitCrossCompileAppDelegate.h; sourceTree = "<group>"; };
		1D3623250D0F684500981E51 /* NyARToolkitCrossCompileAppDelegate.m */ = {isa = PBXFileReference; fileEncoding = 4; lastKnownFileType = sourcecode.c.objc; path = NyARToolkitCrossCompileAppDelegate.m; sourceTree = "<group>"; };
		1D6058910D05DD3D006BFB54 /* NyARToolkitCrossCompile.app */ = {isa = PBXFileReference; explicitFileType = wrapper.application; includeInIndex = 0; path = NyARToolkitCrossCompile.app; sourceTree = BUILT_PRODUCTS_DIR; };
		1DF5F4DF0D08C38300B7A737 /* UIKit.framework */ = {isa = PBXFileReference; lastKnownFileType = wrapper.framework; name = UIKit.framework; path = System/Library/Frameworks/UIKit.framework; sourceTree = SDKROOT; };
		288765FC0DF74451002DB57D /* CoreGraphics.framework */ = {isa = PBXFileReference; lastKnownFileType = wrapper.framework; name = CoreGraphics.framework; path = System/Library/Frameworks/CoreGraphics.framework; sourceTree = SDKROOT; };
		28AD733E0D9D9553002E5188 /* MainWindow.xib */ = {isa = PBXFileReference; lastKnownFileType = file.xib; path = MainWindow.xib; sourceTree = "<group>"; };
		29B97316FDCFA39411CA2CEA /* main.m */ = {isa = PBXFileReference; fileEncoding = 4; lastKnownFileType = sourcecode.c.objc; path = main.m; sourceTree = "<group>"; };
		32CA4F630368D1EE00C91783 /* NyARToolkitCrossCompile_Prefix.pch */ = {isa = PBXFileReference; fileEncoding = 4; lastKnownFileType = sourcecode.c.h; path = NyARToolkitCrossCompile_Prefix.pch; sourceTree = "<group>"; };
		8D1107310486CEB800E47090 /* Info.plist */ = {isa = PBXFileReference; fileEncoding = 4; lastKnownFileType = text.plist.xml; path = Info.plist; sourceTree = "<group>"; };
		F86FC3FD0FE797E400CCAA60 /* 320x240ABGR.raw */ = {isa = PBXFileReference; fileEncoding = 4; lastKnownFileType = text; path = 320x240ABGR.raw; sourceTree = "<group>"; };
		F86FC3FE0FE797E400CCAA60 /* camera_para.dat */ = {isa = PBXFileReference; lastKnownFileType = file; path = camera_para.dat; sourceTree = "<group>"; };
		F86FC3FF0FE797E400CCAA60 /* patt.hiro */ = {isa = PBXFileReference; fileEncoding = 4; lastKnownFileType = text; path = patt.hiro; sourceTree = "<group>"; };
		F86FC4000FE797E400CCAA60 /* patt.kanji */ = {isa = PBXFileReference; fileEncoding = 4; lastKnownFileType = text; path = patt.kanji; sourceTree = "<group>"; };
		F86FC4010FE797E400CCAA60 /* pattHiro.pdf */ = {isa = PBXFileReference; lastKnownFileType = image.pdf; path = pattHiro.pdf; sourceTree = "<group>"; };
		F86FC4020FE797E400CCAA60 /* pattKanji.pdf */ = {isa = PBXFileReference; lastKnownFileType = image.pdf; path = pattKanji.pdf; sourceTree = "<group>"; };
		F86FC4060FE797E400CCAA60 /* makefile */ = {isa = PBXFileReference; fileEncoding = 4; lastKnownFileType = sourcecode.make; path = makefile; sourceTree = "<group>"; };
		F86FC4070FE797E400CCAA60 /* makefile.env */ = {isa = PBXFileReference; fileEncoding = 4; lastKnownFileType = text; path = makefile.env; sourceTree = "<group>"; };
		F86FC4080FE797E400CCAA60 /* makefile.rule */ = {isa = PBXFileReference; fileEncoding = 4; lastKnownFileType = text; path = makefile.rule; sourceTree = "<group>"; };
		F86FC40A0FE797E400CCAA60 /* makefile */ = {isa = PBXFileReference; fileEncoding = 4; lastKnownFileType = sourcecode.make; path = makefile; sourceTree = "<group>"; };
		F86FC40C0FE797E400CCAA60 /* main.cpp */ = {isa = PBXFileReference; fileEncoding = 4; lastKnownFileType = sourcecode.cpp.cpp; path = main.cpp; sourceTree = "<group>"; };
		F86FC40D0FE797E400CCAA60 /* makefile */ = {isa = PBXFileReference; fileEncoding = 4; lastKnownFileType = sourcecode.make; path = makefile; sourceTree = "<group>"; };
		F86FC4100FE797E400CCAA60 /* NyARToolkitCPP.vcproj */ = {isa = PBXFileReference; fileEncoding = 4; lastKnownFileType = text.xml; path = NyARToolkitCPP.vcproj; sourceTree = "<group>"; };
		F86FC4120FE797E400CCAA60 /* main.cpp */ = {isa = PBXFileReference; fileEncoding = 4; lastKnownFileType = sourcecode.cpp.cpp; path = main.cpp; sourceTree = "<group>"; };
		F86FC4130FE797E400CCAA60 /* NyARToolkitCPP-RawTest.vcproj */ = {isa = PBXFileReference; fileEncoding = 4; lastKnownFileType = text.xml; path = "NyARToolkitCPP-RawTest.vcproj"; sourceTree = "<group>"; };
		F86FC4140FE797E400CCAA60 /* NyARToolkitCPP.sln */ = {isa = PBXFileReference; fileEncoding = 4; lastKnownFileType = text; path = NyARToolkitCPP.sln; sourceTree = "<group>"; };
		F86FC4170FE797E400CCAA60 /* INyARBufferReader.h */ = {isa = PBXFileReference; fileEncoding = 4; lastKnownFileType = sourcecode.c.h; path = INyARBufferReader.h; sourceTree = "<group>"; };
		F86FC4180FE797E400CCAA60 /* INyARCameraDistortionFactor.h */ = {isa = PBXFileReference; fileEncoding = 4; lastKnownFileType = sourcecode.c.h; path = INyARCameraDistortionFactor.h; sourceTree = "<group>"; };
		F86FC4190FE797E400CCAA60 /* INyARColorPatt.h */ = {isa = PBXFileReference; fileEncoding = 4; lastKnownFileType = sourcecode.c.h; path = INyARColorPatt.h; sourceTree = "<group>"; };
		F86FC41A0FE797E400CCAA60 /* INyARDoubleMatrix.h */ = {isa = PBXFileReference; fileEncoding = 4; lastKnownFileType = sourcecode.c.h; path = INyARDoubleMatrix.h; sourceTree = "<group>"; };
		F86FC41B0FE797E400CCAA60 /* INyARLabeling.h */ = {isa = PBXFileReference; fileEncoding = 4; lastKnownFileType = sourcecode.c.h; path = INyARLabeling.h; sourceTree = "<group>"; };
		F86FC41C0FE797E400CCAA60 /* INyARLabelingImage.h */ = {isa = PBXFileReference; fileEncoding = 4; lastKnownFileType = sourcecode.c.h; path = INyARLabelingImage.h; sourceTree = "<group>"; };
		F86FC41D0FE797E400CCAA60 /* INyARMatchPatt.h */ = {isa = PBXFileReference; fileEncoding = 4; lastKnownFileType = sourcecode.c.h; path = INyARMatchPatt.h; sourceTree = "<group>"; };
		F86FC41E0FE797E400CCAA60 /* INyARPca2d.h */ = {isa = PBXFileReference; fileEncoding = 4; lastKnownFileType = sourcecode.c.h; path = INyARPca2d.h; sourceTree = "<group>"; };
		F86FC41F0FE797E400CCAA60 /* INyARRaster.h */ = {isa = PBXFileReference; fileEncoding = 4; lastKnownFileType = sourcecode.c.h; path = INyARRaster.h; sourceTree = "<group>"; };
		F86FC4200FE797E400CCAA60 /* INyARRasterFilter_RgbToBin.h */ = {isa = PBXFileReference; fileEncoding = 4; lastKnownFileType = sourcecode.c.h; path = INyARRasterFilter_RgbToBin.h; sourceTree = "<group>"; };
		F86FC4210FE797E400CCAA60 /* INyARRgbPixelReader.h */ = {isa = PBXFileReference; fileEncoding = 4; lastKnownFileType = sourcecode.c.h; path = INyARRgbPixelReader.h; sourceTree = "<group>"; };
		F86FC4220FE797E400CCAA60 /* INyARRgbRaster.h */ = {isa = PBXFileReference; fileEncoding = 4; lastKnownFileType = sourcecode.c.h; path = INyARRgbRaster.h; sourceTree = "<group>"; };
		F86FC4230FE797E400CCAA60 /* INyARRotTransOptimize.h */ = {isa = PBXFileReference; fileEncoding = 4; lastKnownFileType = sourcecode.c.h; path = INyARRotTransOptimize.h; sourceTree = "<group>"; };
		F86FC4240FE797E400CCAA60 /* INyARSquareDetector.h */ = {isa = PBXFileReference; fileEncoding = 4; lastKnownFileType = sourcecode.c.h; path = INyARSquareDetector.h; sourceTree = "<group>"; };
		F86FC4250FE797E400CCAA60 /* INyARTransMat.h */ = {isa = PBXFileReference; fileEncoding = 4; lastKnownFileType = sourcecode.c.h; path = INyARTransMat.h; sourceTree = "<group>"; };
		F86FC4260FE797E400CCAA60 /* NyAR_types.h */ = {isa = PBXFileReference; fileEncoding = 4; lastKnownFileType = sourcecode.c.h; path = NyAR_types.h; sourceTree = "<group>"; };
		F86FC4270FE797E400CCAA60 /* NyARBinRaster.h */ = {isa = PBXFileReference; fileEncoding = 4; lastKnownFileType = sourcecode.c.h; path = NyARBinRaster.h; sourceTree = "<group>"; };
		F86FC4280FE797E400CCAA60 /* NyARBufferReader.h */ = {isa = PBXFileReference; fileEncoding = 4; lastKnownFileType = sourcecode.c.h; path = NyARBufferReader.h; sourceTree = "<group>"; };
		F86FC4290FE797E400CCAA60 /* NyARCameraDistortionFactor.h */ = {isa = PBXFileReference; fileEncoding = 4; lastKnownFileType = sourcecode.c.h; path = NyARCameraDistortionFactor.h; sourceTree = "<group>"; };
		F86FC42A0FE797E400CCAA60 /* NyARCode.h */ = {isa = PBXFileReference; fileEncoding = 4; lastKnownFileType = sourcecode.c.h; path = NyARCode.h; sourceTree = "<group>"; };
		F86FC42B0FE797E400CCAA60 /* NyARColorPatt_O3.h */ = {isa = PBXFileReference; fileEncoding = 4; lastKnownFileType = sourcecode.c.h; path = NyARColorPatt_O3.h; sourceTree = "<group>"; };
		F86FC42C0FE797E400CCAA60 /* nyarcore.h */ = {isa = PBXFileReference; fileEncoding = 4; lastKnownFileType = sourcecode.c.h; path = nyarcore.h; sourceTree = "<group>"; };
		F86FC42D0FE797E400CCAA60 /* NyARDetectMarker.h */ = {isa = PBXFileReference; fileEncoding = 4; lastKnownFileType = sourcecode.c.h; path = NyARDetectMarker.h; sourceTree = "<group>"; };
		F86FC42E0FE797E400CCAA60 /* NyARDoubleMatrix22.h */ = {isa = PBXFileReference; fileEncoding = 4; lastKnownFileType = sourcecode.c.h; path = NyARDoubleMatrix22.h; sourceTree = "<group>"; };
		F86FC42F0FE797E400CCAA60 /* NyARDoubleMatrix33.h */ = {isa = PBXFileReference; fileEncoding = 4; lastKnownFileType = sourcecode.c.h; path = NyARDoubleMatrix33.h; sourceTree = "<group>"; };
		F86FC4300FE797E400CCAA60 /* NyARDoubleMatrix34.h */ = {isa = PBXFileReference; fileEncoding = 4; lastKnownFileType = sourcecode.c.h; path = NyARDoubleMatrix34.h; sourceTree = "<group>"; };
		F86FC4310FE797E400CCAA60 /* NyARException.h */ = {isa = PBXFileReference; fileEncoding = 4; lastKnownFileType = sourcecode.c.h; path = NyARException.h; sourceTree = "<group>"; };
		F86FC4320FE797E400CCAA60 /* NyARFitVecCalculator.h */ = {isa = PBXFileReference; fileEncoding = 4; lastKnownFileType = sourcecode.c.h; path = NyARFitVecCalculator.h; sourceTree = "<group>"; };
		F86FC4330FE797E400CCAA60 /* NyARGrayscaleRaster.h */ = {isa = PBXFileReference; fileEncoding = 4; lastKnownFileType = sourcecode.c.h; path = NyARGrayscaleRaster.h; sourceTree = "<group>"; };
		F86FC4340FE797E400CCAA60 /* NyARIntPointStack.h */ = {isa = PBXFileReference; fileEncoding = 4; lastKnownFileType = sourcecode.c.h; path = NyARIntPointStack.h; sourceTree = "<group>"; };
		F86FC4350FE797E400CCAA60 /* NyARIntRectStack.h */ = {isa = PBXFileReference; fileEncoding = 4; lastKnownFileType = sourcecode.c.h; path = NyARIntRectStack.h; sourceTree = "<group>"; };
		F86FC4360FE797E400CCAA60 /* NyARLabeling_ARToolKit.h */ = {isa = PBXFileReference; fileEncoding = 4; lastKnownFileType = sourcecode.c.h; path = NyARLabeling_ARToolKit.h; sourceTree = "<group>"; };
		F86FC4370FE797E400CCAA60 /* NyARLabelingImage.h */ = {isa = PBXFileReference; fileEncoding = 4; lastKnownFileType = sourcecode.c.h; path = NyARLabelingImage.h; sourceTree = "<group>"; };
		F86FC4380FE797E400CCAA60 /* NyARLabelingLabel.h */ = {isa = PBXFileReference; fileEncoding = 4; lastKnownFileType = sourcecode.c.h; path = NyARLabelingLabel.h; sourceTree = "<group>"; };
		F86FC4390FE797E400CCAA60 /* NyARLabelingLabelStack.h */ = {isa = PBXFileReference; fileEncoding = 4; lastKnownFileType = sourcecode.c.h; path = NyARLabelingLabelStack.h; sourceTree = "<group>"; };
		F86FC43A0FE797E400CCAA60 /* NyARMat.h */ = {isa = PBXFileReference; fileEncoding = 4; lastKnownFileType = sourcecode.c.h; path = NyARMat.h; sourceTree = "<group>"; };
		F86FC43B0FE797E400CCAA60 /* NyARMatchPatt_Color_WITHOUT_PCA.h */ = {isa = PBXFileReference; fileEncoding = 4; lastKnownFileType = sourcecode.c.h; path = NyARMatchPatt_Color_WITHOUT_PCA.h; sourceTree = "<group>"; };
		F86FC43C0FE797E400CCAA60 /* NyARObserv2IdealMap.h */ = {isa = PBXFileReference; fileEncoding = 4; lastKnownFileType = sourcecode.c.h; path = NyARObserv2IdealMap.h; sourceTree = "<group>"; };
		F86FC43D0FE797E400CCAA60 /* NyARParam.h */ = {isa = PBXFileReference; fileEncoding = 4; lastKnownFileType = sourcecode.c.h; path = NyARParam.h; sourceTree = "<group>"; };
		F86FC43E0FE797E400CCAA60 /* NyARPca2d_MatrixPCA_O2.h */ = {isa = PBXFileReference; fileEncoding = 4; lastKnownFileType = sourcecode.c.h; path = NyARPca2d_MatrixPCA_O2.h; sourceTree = "<group>"; };
		F86FC43F0FE797E400CCAA60 /* NyARPerspectiveProjectionMatrix.h */ = {isa = PBXFileReference; fileEncoding = 4; lastKnownFileType = sourcecode.c.h; path = NyARPerspectiveProjectionMatrix.h; sourceTree = "<group>"; };
		F86FC4400FE797E400CCAA60 /* NyARRaster_BasicClass.h */ = {isa = PBXFileReference; fileEncoding = 4; lastKnownFileType = sourcecode.c.h; path = NyARRaster_BasicClass.h; sourceTree = "<group>"; };
		F86FC4410FE797E400CCAA60 /* NyARRasterFilter_ARToolkitThreshold.h */ = {isa = PBXFileReference; fileEncoding = 4; lastKnownFileType = sourcecode.c.h; path = NyARRasterFilter_ARToolkitThreshold.h; sourceTree = "<group>"; };
		F86FC4420FE797E400CCAA60 /* NyARRgbRaster_BasicClass.h */ = {isa = PBXFileReference; fileEncoding = 4; lastKnownFileType = sourcecode.c.h; path = NyARRgbRaster_BasicClass.h; sourceTree = "<group>"; };
		F86FC4430FE797E400CCAA60 /* NyARRgbRaster_BGRA.h */ = {isa = PBXFileReference; fileEncoding = 4; lastKnownFileType = sourcecode.c.h; path = NyARRgbRaster_BGRA.h; sourceTree = "<group>"; };
		F86FC4440FE797E400CCAA60 /* NyARRotMatrix.h */ = {isa = PBXFileReference; fileEncoding = 4; lastKnownFileType = sourcecode.c.h; path = NyARRotMatrix.h; sourceTree = "<group>"; };
		F86FC4450FE797E400CCAA60 /* NyARRotMatrix_ARToolKit.h */ = {isa = PBXFileReference; fileEncoding = 4; lastKnownFileType = sourcecode.c.h; path = NyARRotMatrix_ARToolKit.h; sourceTree = "<group>"; };
		F86FC4460FE797E400CCAA60 /* NyARRotTransOptimize_O2.h */ = {isa = PBXFileReference; fileEncoding = 4; lastKnownFileType = sourcecode.c.h; path = NyARRotTransOptimize_O2.h; sourceTree = "<group>"; };
		F86FC4470FE797E400CCAA60 /* NyARRotVector.h */ = {isa = PBXFileReference; fileEncoding = 4; lastKnownFileType = sourcecode.c.h; path = NyARRotVector.h; sourceTree = "<group>"; };
		F86FC4480FE797E400CCAA60 /* NyARSingleDetectMarker.h */ = {isa = PBXFileReference; fileEncoding = 4; lastKnownFileType = sourcecode.c.h; path = NyARSingleDetectMarker.h; sourceTree = "<group>"; };
		F86FC4490FE797E400CCAA60 /* NyARSquare.h */ = {isa = PBXFileReference; fileEncoding = 4; lastKnownFileType = sourcecode.c.h; path = NyARSquare.h; sourceTree = "<group>"; };
		F86FC44A0FE797E400CCAA60 /* NyARSquareDetector.h */ = {isa = PBXFileReference; fileEncoding = 4; lastKnownFileType = sourcecode.c.h; path = NyARSquareDetector.h; sourceTree = "<group>"; };
		F86FC44B0FE797E400CCAA60 /* NyARSquareStack.h */ = {isa = PBXFileReference; fileEncoding = 4; lastKnownFileType = sourcecode.c.h; path = NyARSquareStack.h; sourceTree = "<group>"; };
		F86FC44C0FE797E400CCAA60 /* NyARTransMat.h */ = {isa = PBXFileReference; fileEncoding = 4; lastKnownFileType = sourcecode.c.h; path = NyARTransMat.h; sourceTree = "<group>"; };
		F86FC44D0FE797E400CCAA60 /* NyARTransMatResult.h */ = {isa = PBXFileReference; fileEncoding = 4; lastKnownFileType = sourcecode.c.h; path = NyARTransMatResult.h; sourceTree = "<group>"; };
		F86FC44E0FE797E400CCAA60 /* NyARTransOffset.h */ = {isa = PBXFileReference; fileEncoding = 4; lastKnownFileType = sourcecode.c.h; path = NyARTransOffset.h; sourceTree = "<group>"; };
		F86FC44F0FE797E400CCAA60 /* NyARVec.h */ = {isa = PBXFileReference; fileEncoding = 4; lastKnownFileType = sourcecode.c.h; path = NyARVec.h; sourceTree = "<group>"; };
		F86FC4500FE797E400CCAA60 /* NyARVertexCounter.h */ = {isa = PBXFileReference; fileEncoding = 4; lastKnownFileType = sourcecode.c.h; path = NyARVertexCounter.h; sourceTree = "<group>"; };
		F86FC4520FE797E400CCAA60 /* NyAR_core.h */ = {isa = PBXFileReference; fileEncoding = 4; lastKnownFileType = sourcecode.c.h; path = NyAR_core.h; sourceTree = "<group>"; };
		F86FC4530FE797E400CCAA60 /* NyAR_utils.h */ = {isa = PBXFileReference; fileEncoding = 4; lastKnownFileType = sourcecode.c.h; path = NyAR_utils.h; sourceTree = "<group>"; };
		F86FC4550FE797E400CCAA60 /* NyAR_utils.h */ = {isa = PBXFileReference; fileEncoding = 4; lastKnownFileType = sourcecode.c.h; path = NyAR_utils.h; sourceTree = "<group>"; };
		F86FC4560FE797E400CCAA60 /* NyArray.h */ = {isa = PBXFileReference; fileEncoding = 4; lastKnownFileType = sourcecode.c.h; path = NyArray.h; sourceTree = "<group>"; };
		F86FC4570FE797E400CCAA60 /* NyObjectStack.h */ = {isa = PBXFileReference; fileEncoding = 4; lastKnownFileType = sourcecode.c.h; path = NyObjectStack.h; sourceTree = "<group>"; };
		F86FC4580FE797E400CCAA60 /* NyStdLib.h */ = {isa = PBXFileReference; fileEncoding = 4; lastKnownFileType = sourcecode.c.h; path = NyStdLib.h; sourceTree = "<group>"; };
		F86FC4590FE797E400CCAA60 /* LICENCE.txt */ = {isa = PBXFileReference; fileEncoding = 4; lastKnownFileType = text; path = LICENCE.txt; sourceTree = "<group>"; };
		F86FC45A0FE797E400CCAA60 /* readme.ja.txt */ = {isa = PBXFileReference; fileEncoding = 4; lastKnownFileType = text; path = readme.ja.txt; sourceTree = "<group>"; };
		F86FC45D0FE797E400CCAA60 /* INyARBufferReader.cpp */ = {isa = PBXFileReference; fileEncoding = 4; lastKnownFileType = sourcecode.cpp.cpp; path = INyARBufferReader.cpp; sourceTree = "<group>"; };
		F86FC45E0FE797E400CCAA60 /* INyARCameraDistortionFactor.cpp */ = {isa = PBXFileReference; fileEncoding = 4; lastKnownFileType = sourcecode.cpp.cpp; path = INyARCameraDistortionFactor.cpp; sourceTree = "<group>"; };
		F86FC45F0FE797E400CCAA60 /* INyARColorPatt.cpp */ = {isa = PBXFileReference; fileEncoding = 4; lastKnownFileType = sourcecode.cpp.cpp; path = INyARColorPatt.cpp; sourceTree = "<group>"; };
		F86FC4600FE797E400CCAA60 /* INyARDoubleMatrix.cpp */ = {isa = PBXFileReference; fileEncoding = 4; lastKnownFileType = sourcecode.cpp.cpp; path = INyARDoubleMatrix.cpp; sourceTree = "<group>"; };
		F86FC4610FE797E400CCAA60 /* INyARLabeling.cpp */ = {isa = PBXFileReference; fileEncoding = 4; lastKnownFileType = sourcecode.cpp.cpp; path = INyARLabeling.cpp; sourceTree = "<group>"; };
		F86FC4620FE797E400CCAA60 /* INyARLabelingImage.cpp */ = {isa = PBXFileReference; fileEncoding = 4; lastKnownFileType = sourcecode.cpp.cpp; path = INyARLabelingImage.cpp; sourceTree = "<group>"; };
		F86FC4630FE797E400CCAA60 /* INyARMatchPatt.cpp */ = {isa = PBXFileReference; fileEncoding = 4; lastKnownFileType = sourcecode.cpp.cpp; path = INyARMatchPatt.cpp; sourceTree = "<group>"; };
		F86FC4640FE797E400CCAA60 /* INyARPca2d.cpp */ = {isa = PBXFileReference; fileEncoding = 4; lastKnownFileType = sourcecode.cpp.cpp; path = INyARPca2d.cpp; sourceTree = "<group>"; };
		F86FC4650FE797E400CCAA60 /* INyARRaster.cpp */ = {isa = PBXFileReference; fileEncoding = 4; lastKnownFileType = sourcecode.cpp.cpp; path = INyARRaster.cpp; sourceTree = "<group>"; };
		F86FC4660FE797E400CCAA60 /* INyARRasterFilter_RgbToBin.cpp */ = {isa = PBXFileReference; fileEncoding = 4; lastKnownFileType = sourcecode.cpp.cpp; path = INyARRasterFilter_RgbToBin.cpp; sourceTree = "<group>"; };
		F86FC4670FE797E400CCAA60 /* INyARRgbPixelReader.cpp */ = {isa = PBXFileReference; fileEncoding = 4; lastKnownFileType = sourcecode.cpp.cpp; path = INyARRgbPixelReader.cpp; sourceTree = "<group>"; };
		F86FC4680FE797E400CCAA60 /* INyARRgbRaster.cpp */ = {isa = PBXFileReference; fileEncoding = 4; lastKnownFileType = sourcecode.cpp.cpp; path = INyARRgbRaster.cpp; sourceTree = "<group>"; };
		F86FC4690FE797E400CCAA60 /* INyARRotTransOptimize.cpp */ = {isa = PBXFileReference; fileEncoding = 4; lastKnownFileType = sourcecode.cpp.cpp; path = INyARRotTransOptimize.cpp; sourceTree = "<group>"; };
		F86FC46A0FE797E400CCAA60 /* INyARSquareDetector.cpp */ = {isa = PBXFileReference; fileEncoding = 4; lastKnownFileType = sourcecode.cpp.cpp; path = INyARSquareDetector.cpp; sourceTree = "<group>"; };
		F86FC46B0FE797E400CCAA60 /* INyARTransMat.cpp */ = {isa = PBXFileReference; fileEncoding = 4; lastKnownFileType = sourcecode.cpp.cpp; path = INyARTransMat.cpp; sourceTree = "<group>"; };
		F86FC46C0FE797E400CCAA60 /* makefile */ = {isa = PBXFileReference; fileEncoding = 4; lastKnownFileType = sourcecode.make; path = makefile; sourceTree = "<group>"; };
		F86FC46D0FE797E400CCAA60 /* NyARBinRaster.cpp */ = {isa = PBXFileReference; fileEncoding = 4; lastKnownFileType = sourcecode.cpp.cpp; path = NyARBinRaster.cpp; sourceTree = "<group>"; };
		F86FC46E0FE797E400CCAA60 /* NyARBufferReader.cpp */ = {isa = PBXFileReference; fileEncoding = 4; lastKnownFileType = sourcecode.cpp.cpp; path = NyARBufferReader.cpp; sourceTree = "<group>"; };
		F86FC46F0FE797E400CCAA60 /* NyARCameraDistortionFactor.cpp */ = {isa = PBXFileReference; fileEncoding = 4; lastKnownFileType = sourcecode.cpp.cpp; path = NyARCameraDistortionFactor.cpp; sourceTree = "<group>"; };
		F86FC4700FE797E400CCAA60 /* NyARCode.cpp */ = {isa = PBXFileReference; fileEncoding = 4; lastKnownFileType = sourcecode.cpp.cpp; path = NyARCode.cpp; sourceTree = "<group>"; };
		F86FC4710FE797E400CCAA60 /* NyARColorPatt_O3.cpp */ = {isa = PBXFileReference; fileEncoding = 4; lastKnownFileType = sourcecode.cpp.cpp; path = NyARColorPatt_O3.cpp; sourceTree = "<group>"; };
		F86FC4720FE797E400CCAA60 /* NyARDetectMarker.cpp */ = {isa = PBXFileReference; fileEncoding = 4; lastKnownFileType = sourcecode.cpp.cpp; path = NyARDetectMarker.cpp; sourceTree = "<group>"; };
		F86FC4730FE797E400CCAA60 /* NyARDoubleMatrix22.cpp */ = {isa = PBXFileReference; fileEncoding = 4; lastKnownFileType = sourcecode.cpp.cpp; path = NyARDoubleMatrix22.cpp; sourceTree = "<group>"; };
		F86FC4740FE797E400CCAA60 /* NyARDoubleMatrix33.cpp */ = {isa = PBXFileReference; fileEncoding = 4; lastKnownFileType = sourcecode.cpp.cpp; path = NyARDoubleMatrix33.cpp; sourceTree = "<group>"; };
		F86FC4750FE797E400CCAA60 /* NyARDoubleMatrix34.cpp */ = {isa = PBXFileReference; fileEncoding = 4; lastKnownFileType = sourcecode.cpp.cpp; path = NyARDoubleMatrix34.cpp; sourceTree = "<group>"; };
		F86FC4760FE797E400CCAA60 /* NyARException.cpp */ = {isa = PBXFileReference; fileEncoding = 4; lastKnownFileType = sourcecode.cpp.cpp; path = NyARException.cpp; sourceTree = "<group>"; };
		F86FC4770FE797E400CCAA60 /* NyARFitVecCalculator.cpp */ = {isa = PBXFileReference; fileEncoding = 4; lastKnownFileType = sourcecode.cpp.cpp; path = NyARFitVecCalculator.cpp; sourceTree = "<group>"; };
		F86FC4780FE797E400CCAA60 /* NyARGrayscaleRaster.cpp */ = {isa = PBXFileReference; fileEncoding = 4; lastKnownFileType = sourcecode.cpp.cpp; path = NyARGrayscaleRaster.cpp; sourceTree = "<group>"; };
		F86FC4790FE797E400CCAA60 /* NyARIntPointStack.cpp */ = {isa = PBXFileReference; fileEncoding = 4; lastKnownFileType = sourcecode.cpp.cpp; path = NyARIntPointStack.cpp; sourceTree = "<group>"; };
		F86FC47A0FE797E400CCAA60 /* NyARIntRectStack.cpp */ = {isa = PBXFileReference; fileEncoding = 4; lastKnownFileType = sourcecode.cpp.cpp; path = NyARIntRectStack.cpp; sourceTree = "<group>"; };
		F86FC47B0FE797E400CCAA60 /* NyARLabeling_ARToolKit.cpp */ = {isa = PBXFileReference; fileEncoding = 4; lastKnownFileType = sourcecode.cpp.cpp; path = NyARLabeling_ARToolKit.cpp; sourceTree = "<group>"; };
		F86FC47C0FE797E400CCAA60 /* NyARLabelingImage.cpp */ = {isa = PBXFileReference; fileEncoding = 4; lastKnownFileType = sourcecode.cpp.cpp; path = NyARLabelingImage.cpp; sourceTree = "<group>"; };
		F86FC47D0FE797E400CCAA60 /* NyARLabelingLabel.cpp */ = {isa = PBXFileReference; fileEncoding = 4; lastKnownFileType = sourcecode.cpp.cpp; path = NyARLabelingLabel.cpp; sourceTree = "<group>"; };
		F86FC47E0FE797E400CCAA60 /* NyARLabelingLabelStack.cpp */ = {isa = PBXFileReference; fileEncoding = 4; lastKnownFileType = sourcecode.cpp.cpp; path = NyARLabelingLabelStack.cpp; sourceTree = "<group>"; };
		F86FC47F0FE797E400CCAA60 /* NyARMat.cpp */ = {isa = PBXFileReference; fileEncoding = 4; lastKnownFileType = sourcecode.cpp.cpp; path = NyARMat.cpp; sourceTree = "<group>"; };
		F86FC4800FE797E400CCAA60 /* NyARMatchPatt_Color_WITHOUT_PCA.cpp */ = {isa = PBXFileReference; fileEncoding = 4; lastKnownFileType = sourcecode.cpp.cpp; path = NyARMatchPatt_Color_WITHOUT_PCA.cpp; sourceTree = "<group>"; };
		F86FC4810FE797E400CCAA60 /* NyARObserv2IdealMap.cpp */ = {isa = PBXFileReference; fileEncoding = 4; lastKnownFileType = sourcecode.cpp.cpp; path = NyARObserv2IdealMap.cpp; sourceTree = "<group>"; };
		F86FC4820FE797E400CCAA60 /* NyARParam.cpp */ = {isa = PBXFileReference; fileEncoding = 4; lastKnownFileType = sourcecode.cpp.cpp; path = NyARParam.cpp; sourceTree = "<group>"; };
		F86FC4830FE797E400CCAA60 /* NyARPca2d_MatrixPCA_O2.cpp */ = {isa = PBXFileReference; fileEncoding = 4; lastKnownFileType = sourcecode.cpp.cpp; path = NyARPca2d_MatrixPCA_O2.cpp; sourceTree = "<group>"; };
		F86FC4840FE797E400CCAA60 /* NyARPerspectiveProjectionMatrix.cpp */ = {isa = PBXFileReference; fileEncoding = 4; lastKnownFileType = sourcecode.cpp.cpp; path = NyARPerspectiveProjectionMatrix.cpp; sourceTree = "<group>"; };
		F86FC4850FE797E400CCAA60 /* NyARRaster_BasicClass.cpp */ = {isa = PBXFileReference; fileEncoding = 4; lastKnownFileType = sourcecode.cpp.cpp; path = NyARRaster_BasicClass.cpp; sourceTree = "<group>"; };
		F86FC4860FE797E400CCAA60 /* NyARRasterFilter_ARToolkitThreshold.cpp */ = {isa = PBXFileReference; fileEncoding = 4; lastKnownFileType = sourcecode.cpp.cpp; path = NyARRasterFilter_ARToolkitThreshold.cpp; sourceTree = "<group>"; };
		F86FC4870FE797E400CCAA60 /* NyARRgbRaster_BasicClass.cpp */ = {isa = PBXFileReference; fileEncoding = 4; lastKnownFileType = sourcecode.cpp.cpp; path = NyARRgbRaster_BasicClass.cpp; sourceTree = "<group>"; };
		F86FC4880FE797E400CCAA60 /* NyARRgbRaster_BGRA.cpp */ = {isa = PBXFileReference; fileEncoding = 4; lastKnownFileType = sourcecode.cpp.cpp; path = NyARRgbRaster_BGRA.cpp; sourceTree = "<group>"; };
		F86FC4890FE797E400CCAA60 /* NyARRotMatrix.cpp */ = {isa = PBXFileReference; fileEncoding = 4; lastKnownFileType = sourcecode.cpp.cpp; path = NyARRotMatrix.cpp; sourceTree = "<group>"; };
		F86FC48A0FE797E400CCAA60 /* NyARRotMatrix_ARToolKit.cpp */ = {isa = PBXFileReference; fileEncoding = 4; lastKnownFileType = sourcecode.cpp.cpp; path = NyARRotMatrix_ARToolKit.cpp; sourceTree = "<group>"; };
		F86FC48B0FE797E400CCAA60 /* NyARRotTransOptimize_O2.cpp */ = {isa = PBXFileReference; fileEncoding = 4; lastKnownFileType = sourcecode.cpp.cpp; path = NyARRotTransOptimize_O2.cpp; sourceTree = "<group>"; };
		F86FC48C0FE797E400CCAA60 /* NyARRotVector.cpp */ = {isa = PBXFileReference; fileEncoding = 4; lastKnownFileType = sourcecode.cpp.cpp; path = NyARRotVector.cpp; sourceTree = "<group>"; };
		F86FC48D0FE797E400CCAA60 /* NyARSingleDetectMarker.cpp */ = {isa = PBXFileReference; fileEncoding = 4; lastKnownFileType = sourcecode.cpp.cpp; path = NyARSingleDetectMarker.cpp; sourceTree = "<group>"; };
		F86FC48E0FE797E400CCAA60 /* NyARSquare.cpp */ = {isa = PBXFileReference; fileEncoding = 4; lastKnownFileType = sourcecode.cpp.cpp; path = NyARSquare.cpp; sourceTree = "<group>"; };
		F86FC48F0FE797E400CCAA60 /* NyARSquareDetector.cpp */ = {isa = PBXFileReference; fileEncoding = 4; lastKnownFileType = sourcecode.cpp.cpp; path = NyARSquareDetector.cpp; sourceTree = "<group>"; };
		F86FC4900FE797E400CCAA60 /* NyARSquareStack.cpp */ = {isa = PBXFileReference; fileEncoding = 4; lastKnownFileType = sourcecode.cpp.cpp; path = NyARSquareStack.cpp; sourceTree = "<group>"; };
		F86FC4910FE797E400CCAA60 /* NyARTransMat.cpp */ = {isa = PBXFileReference; fileEncoding = 4; lastKnownFileType = sourcecode.cpp.cpp; path = NyARTransMat.cpp; sourceTree = "<group>"; };
		F86FC4920FE797E400CCAA60 /* NyARTransMatResult.cpp */ = {isa = PBXFileReference; fileEncoding = 4; lastKnownFileType = sourcecode.cpp.cpp; path = NyARTransMatResult.cpp; sourceTree = "<group>"; };
		F86FC4930FE797E400CCAA60 /* NyARTransOffset.cpp */ = {isa = PBXFileReference; fileEncoding = 4; lastKnownFileType = sourcecode.cpp.cpp; path = NyARTransOffset.cpp; sourceTree = "<group>"; };
		F86FC4940FE797E400CCAA60 /* NyARVec.cpp */ = {isa = PBXFileReference; fileEncoding = 4; lastKnownFileType = sourcecode.cpp.cpp; path = NyARVec.cpp; sourceTree = "<group>"; };
		F86FC4950FE797E400CCAA60 /* NyARVertexCounter.cpp */ = {isa = PBXFileReference; fileEncoding = 4; lastKnownFileType = sourcecode.cpp.cpp; path = NyARVertexCounter.cpp; sourceTree = "<group>"; };
		F86FC4980FE797E400CCAA60 /* makefile */ = {isa = PBXFileReference; fileEncoding = 4; lastKnownFileType = sourcecode.make; path = makefile; sourceTree = "<group>"; };
		F86FC4990FE797E400CCAA60 /* NyStdLib.cpp */ = {isa = PBXFileReference; fileEncoding = 4; lastKnownFileType = sourcecode.cpp.cpp; path = NyStdLib.cpp; sourceTree = "<group>"; };
		F86FC5320FE8CCBD00CCAA60 /* NyARToolkitWrapper.h */ = {isa = PBXFileReference; fileEncoding = 4; lastKnownFileType = sourcecode.c.h; path = NyARToolkitWrapper.h; sourceTree = "<group>"; };
		F86FC5330FE8CCBD00CCAA60 /* NyARToolkitWrapper.mm */ = {isa = PBXFileReference; fileEncoding = 4; lastKnownFileType = sourcecode.cpp.objcpp; path = NyARToolkitWrapper.mm; sourceTree = "<group>"; };
		F86FC5D20FEF5BFA00CCAA60 /* 3DGraphicsView.h */ = {isa = PBXFileReference; fileEncoding = 4; lastKnownFileType = sourcecode.c.h; path = 3DGraphicsView.h; sourceTree = "<group>"; };
		F86FC5D30FEF5BFA00CCAA60 /* 3DGraphicsView.m */ = {isa = PBXFileReference; fileEncoding = 4; lastKnownFileType = sourcecode.c.objc; path = 3DGraphicsView.m; sourceTree = "<group>"; };
		F86FC5D50FEF64D600CCAA60 /* teapot.h */ = {isa = PBXFileReference; fileEncoding = 4; lastKnownFileType = sourcecode.c.h; path = teapot.h; sourceTree = "<group>"; };
		F86FC6220FEF699400CCAA60 /* OpenGLES.framework */ = {isa = PBXFileReference; lastKnownFileType = wrapper.framework; name = OpenGLES.framework; path = System/Library/Frameworks/OpenGLES.framework; sourceTree = SDKROOT; };
		F86FC65C0FEF6BE100CCAA60 /* QuartzCore.framework */ = {isa = PBXFileReference; lastKnownFileType = wrapper.framework; name = QuartzCore.framework; path = System/Library/Frameworks/QuartzCore.framework; sourceTree = SDKROOT; };
		F86FC6B90FEF9FA000CCAA60 /* IMG_0020_small.png */ = {isa = PBXFileReference; lastKnownFileType = image.png; path = IMG_0020_small.png; sourceTree = "<group>"; };
		F86FC7800FEFA8AD00CCAA60 /* IMG_0021_small.png */ = {isa = PBXFileReference; lastKnownFileType = image.png; path = IMG_0021_small.png; sourceTree = "<group>"; };
		F86FC7E30FEFAE1600CCAA60 /* IMG_0022.png */ = {isa = PBXFileReference; lastKnownFileType = image.png; path = IMG_0022.png; sourceTree = "<group>"; };
		F86FC7F50FEFB01E00CCAA60 /* IMG_0020_r.png */ = {isa = PBXFileReference; lastKnownFileType = image.png; path = IMG_0020_r.png; sourceTree = "<group>"; };
		F86FC8020FEFB10100CCAA60 /* IMG_0021_r.png */ = {isa = PBXFileReference; lastKnownFileType = image.png; path = IMG_0021_r.png; sourceTree = "<group>"; };
		F86FC8570FEFBB8200CCAA60 /* IMG_0022_r.png */ = {isa = PBXFileReference; lastKnownFileType = image.png; path = IMG_0022_r.png; sourceTree = "<group>"; };
		F8F114040FF8D98C00DDD537 /* CameraTestAppDelegate.h */ = {isa = PBXFileReference; fileEncoding = 4; lastKnownFileType = sourcecode.c.h; path = CameraTestAppDelegate.h; sourceTree = "<group>"; };
		F8F114050FF8D98C00DDD537 /* CameraTestAppDelegate.m */ = {isa = PBXFileReference; fileEncoding = 4; lastKnownFileType = sourcecode.c.objc; path = CameraTestAppDelegate.m; sourceTree = "<group>"; };
		F8F114060FF8D98C00DDD537 /* Surface.h */ = {isa = PBXFileReference; fileEncoding = 4; lastKnownFileType = sourcecode.c.h; path = Surface.h; sourceTree = "<group>"; };
		F8F114070FF8D98C00DDD537 /* Surface.m */ = {isa = PBXFileReference; fileEncoding = 4; lastKnownFileType = sourcecode.c.objc; path = Surface.m; sourceTree = "<group>"; };
		F8F114080FF8D98C00DDD537 /* SurfaceAccelerator.h */ = {isa = PBXFileReference; fileEncoding = 4; lastKnownFileType = sourcecode.c.h; path = SurfaceAccelerator.h; sourceTree = "<group>"; };
		F8F114090FF8D98C00DDD537 /* SurfaceAccelerator.m */ = {isa = PBXFileReference; fileEncoding = 4; lastKnownFileType = sourcecode.c.objc; path = SurfaceAccelerator.m; sourceTree = "<group>"; };
		F8F1140D0FF8D9A200DDD537 /* PhotoLibrary.h */ = {isa = PBXFileReference; fileEncoding = 4; lastKnownFileType = sourcecode.c.h; path = PhotoLibrary.h; sourceTree = "<group>"; };
		F8F1142C0FF8DD2400DDD537 /* PhotoLibrary.framework */ = {isa = PBXFileReference; lastKnownFileType = wrapper.framework; name = PhotoLibrary.framework; path = System/Library/PrivateFrameworks/PhotoLibrary.framework; sourceTree = SDKROOT; };
		F8F114320FF8DD4E00DDD537 /* MusicLibrary.h */ = {isa = PBXFileReference; fileEncoding = 4; lastKnownFileType = sourcecode.c.h; path = MusicLibrary.h; sourceTree = "<group>"; };
		F8F114330FF8DD4E00DDD537 /* TelephonyUI.h */ = {isa = PBXFileReference; fileEncoding = 4; lastKnownFileType = sourcecode.c.h; path = TelephonyUI.h; sourceTree = "<group>"; };
		F8F114360FF8DD6700DDD537 /* UIProgressHUD.h */ = {isa = PBXFileReference; fileEncoding = 4; lastKnownFileType = sourcecode.c.h; path = UIProgressHUD.h; sourceTree = "<group>"; };
		F8F1143D0FF8DD8D00DDD537 /* UIThreePartButton.h */ = {isa = PBXFileReference; fileEncoding = 4; lastKnownFileType = sourcecode.c.h; path = UIThreePartButton.h; sourceTree = "<group>"; };
		F8F114430FF8DDA500DDD537 /* UIPushButton.h */ = {isa = PBXFileReference; fileEncoding = 4; lastKnownFileType = sourcecode.c.h; path = UIPushButton.h; sourceTree = "<group>"; };
		F8F114490FF8DDBA00DDD537 /* CDAnonStruct.h */ = {isa = PBXFileReference; fileEncoding = 4; lastKnownFileType = sourcecode.c.h; path = CDAnonStruct.h; sourceTree = "<group>"; };
/* End PBXFileReference section */

/* Begin PBXFrameworksBuildPhase section */
		1D60588F0D05DD3D006BFB54 /* Frameworks */ = {
			isa = PBXFrameworksBuildPhase;
			buildActionMask = 2147483647;
			files = (
				1D60589F0D05DD5A006BFB54 /* Foundation.framework in Frameworks */,
				1DF5F4E00D08C38300B7A737 /* UIKit.framework in Frameworks */,
				288765FD0DF74451002DB57D /* CoreGraphics.framework in Frameworks */,
				F86FC6230FEF699400CCAA60 /* OpenGLES.framework in Frameworks */,
				F86FC65D0FEF6BE100CCAA60 /* QuartzCore.framework in Frameworks */,
				F8F1142D0FF8DD2400DDD537 /* PhotoLibrary.framework in Frameworks */,
			);
			runOnlyForDeploymentPostprocessing = 0;
		};
/* End PBXFrameworksBuildPhase section */

/* Begin PBXGroup section */
		080E96DDFE201D6D7F000001 /* Classes */ = {
			isa = PBXGroup;
			children = (
				F8F114020FF8D96100DDD537 /* Camera */,
				F86FC3FB0FE797E400CCAA60 /* NyARToolkit */,
				1D3623240D0F684500981E51 /* NyARToolkitCrossCompileAppDelegate.h */,
				1D3623250D0F684500981E51 /* NyARToolkitCrossCompileAppDelegate.m */,
				F86FC5320FE8CCBD00CCAA60 /* NyARToolkitWrapper.h */,
				F86FC5330FE8CCBD00CCAA60 /* NyARToolkitWrapper.mm */,
				F86FC5D20FEF5BFA00CCAA60 /* 3DGraphicsView.h */,
				F86FC5D30FEF5BFA00CCAA60 /* 3DGraphicsView.m */,
				F86FC5D50FEF64D600CCAA60 /* teapot.h */,
			);
			path = Classes;
			sourceTree = "<group>";
		};
		19C28FACFE9D520D11CA2CBB /* Products */ = {
			isa = PBXGroup;
			children = (
				1D6058910D05DD3D006BFB54 /* NyARToolkitCrossCompile.app */,
			);
			name = Products;
			sourceTree = "<group>";
		};
		29B97314FDCFA39411CA2CEA /* CustomTemplate */ = {
			isa = PBXGroup;
			children = (
				080E96DDFE201D6D7F000001 /* Classes */,
				29B97315FDCFA39411CA2CEA /* Other Sources */,
				29B97317FDCFA39411CA2CEA /* Resources */,
				29B97323FDCFA39411CA2CEA /* Frameworks */,
				19C28FACFE9D520D11CA2CBB /* Products */,
			);
			name = CustomTemplate;
			sourceTree = "<group>";
		};
		29B97315FDCFA39411CA2CEA /* Other Sources */ = {
			isa = PBXGroup;
			children = (
				32CA4F630368D1EE00C91783 /* NyARToolkitCrossCompile_Prefix.pch */,
				29B97316FDCFA39411CA2CEA /* main.m */,
			);
			name = "Other Sources";
			sourceTree = "<group>";
		};
		29B97317FDCFA39411CA2CEA /* Resources */ = {
			isa = PBXGroup;
			children = (
				F86FC8570FEFBB8200CCAA60 /* IMG_0022_r.png */,
				F86FC8020FEFB10100CCAA60 /* IMG_0021_r.png */,
				F86FC7F50FEFB01E00CCAA60 /* IMG_0020_r.png */,
				F86FC7E30FEFAE1600CCAA60 /* IMG_0022.png */,
				F86FC7800FEFA8AD00CCAA60 /* IMG_0021_small.png */,
				F86FC6B90FEF9FA000CCAA60 /* IMG_0020_small.png */,
				F86FC3FC0FE797E400CCAA60 /* data */,
				28AD733E0D9D9553002E5188 /* MainWindow.xib */,
				8D1107310486CEB800E47090 /* Info.plist */,
			);
			name = Resources;
			sourceTree = "<group>";
		};
		29B97323FDCFA39411CA2CEA /* Frameworks */ = {
			isa = PBXGroup;
			children = (
				F8F1142C0FF8DD2400DDD537 /* PhotoLibrary.framework */,
				F86FC65C0FEF6BE100CCAA60 /* QuartzCore.framework */,
				F86FC6220FEF699400CCAA60 /* OpenGLES.framework */,
				1DF5F4DF0D08C38300B7A737 /* UIKit.framework */,
				1D30AB110D05D00D00671497 /* Foundation.framework */,
				288765FC0DF74451002DB57D /* CoreGraphics.framework */,
			);
			name = Frameworks;
			sourceTree = "<group>";
		};
		F86FC3FB0FE797E400CCAA60 /* NyARToolkit */ = {
			isa = PBXGroup;
			children = (
				F86FC4030FE797E400CCAA60 /* forLinux */,
				F86FC40E0FE797E400CCAA60 /* forWindows */,
				F86FC4150FE797E400CCAA60 /* inc */,
				F86FC4590FE797E400CCAA60 /* LICENCE.txt */,
				F86FC45A0FE797E400CCAA60 /* readme.ja.txt */,
				F86FC45B0FE797E400CCAA60 /* src */,
			);
			path = NyARToolkit;
			sourceTree = "<group>";
		};
		F86FC3FC0FE797E400CCAA60 /* data */ = {
			isa = PBXGroup;
			children = (
				F86FC3FD0FE797E400CCAA60 /* 320x240ABGR.raw */,
				F86FC3FE0FE797E400CCAA60 /* camera_para.dat */,
				F86FC3FF0FE797E400CCAA60 /* patt.hiro */,
				F86FC4000FE797E400CCAA60 /* patt.kanji */,
				F86FC4010FE797E400CCAA60 /* pattHiro.pdf */,
				F86FC4020FE797E400CCAA60 /* pattKanji.pdf */,
			);
			name = data;
			path = Classes/NyARToolkit/data;
			sourceTree = "<group>";
		};
		F86FC4030FE797E400CCAA60 /* forLinux */ = {
			isa = PBXGroup;
			children = (
				F86FC4040FE797E400CCAA60 /* libNyARToolkit */,
				F86FC40A0FE797E400CCAA60 /* makefile */,
				F86FC40B0FE797E400CCAA60 /* RawTest */,
			);
			path = forLinux;
			sourceTree = "<group>";
		};
		F86FC4040FE797E400CCAA60 /* libNyARToolkit */ = {
			isa = PBXGroup;
			children = (
				F86FC4050FE797E400CCAA60 /* lib */,
				F86FC4060FE797E400CCAA60 /* makefile */,
				F86FC4070FE797E400CCAA60 /* makefile.env */,
				F86FC4080FE797E400CCAA60 /* makefile.rule */,
				F86FC4090FE797E400CCAA60 /* obj */,
			);
			path = libNyARToolkit;
			sourceTree = "<group>";
		};
		F86FC4050FE797E400CCAA60 /* lib */ = {
			isa = PBXGroup;
			children = (
			);
			path = lib;
			sourceTree = "<group>";
		};
		F86FC4090FE797E400CCAA60 /* obj */ = {
			isa = PBXGroup;
			children = (
			);
			path = obj;
			sourceTree = "<group>";
		};
		F86FC40B0FE797E400CCAA60 /* RawTest */ = {
			isa = PBXGroup;
			children = (
				F86FC40C0FE797E400CCAA60 /* main.cpp */,
				F86FC40D0FE797E400CCAA60 /* makefile */,
			);
			path = RawTest;
			sourceTree = "<group>";
		};
		F86FC40E0FE797E400CCAA60 /* forWindows */ = {
			isa = PBXGroup;
			children = (
				F86FC40F0FE797E400CCAA60 /* NyARToolkitCPP */,
				F86FC4110FE797E400CCAA60 /* NyARToolkitCPP-RawTest */,
				F86FC4140FE797E400CCAA60 /* NyARToolkitCPP.sln */,
			);
			path = forWindows;
			sourceTree = "<group>";
		};
		F86FC40F0FE797E400CCAA60 /* NyARToolkitCPP */ = {
			isa = PBXGroup;
			children = (
				F86FC4100FE797E400CCAA60 /* NyARToolkitCPP.vcproj */,
			);
			path = NyARToolkitCPP;
			sourceTree = "<group>";
		};
		F86FC4110FE797E400CCAA60 /* NyARToolkitCPP-RawTest */ = {
			isa = PBXGroup;
			children = (
				F86FC4120FE797E400CCAA60 /* main.cpp */,
				F86FC4130FE797E400CCAA60 /* NyARToolkitCPP-RawTest.vcproj */,
			);
			path = "NyARToolkitCPP-RawTest";
			sourceTree = "<group>";
		};
		F86FC4150FE797E400CCAA60 /* inc */ = {
			isa = PBXGroup;
			children = (
				F86FC4160FE797E400CCAA60 /* core */,
				F86FC4510FE797E400CCAA60 /* core2 */,
				F86FC4520FE797E400CCAA60 /* NyAR_core.h */,
				F86FC4530FE797E400CCAA60 /* NyAR_utils.h */,
				F86FC4540FE797E400CCAA60 /* utils */,
			);
			path = inc;
			sourceTree = "<group>";
		};
		F86FC4160FE797E400CCAA60 /* core */ = {
			isa = PBXGroup;
			children = (
				F86FC4170FE797E400CCAA60 /* INyARBufferReader.h */,
				F86FC4180FE797E400CCAA60 /* INyARCameraDistortionFactor.h */,
				F86FC4190FE797E400CCAA60 /* INyARColorPatt.h */,
				F86FC41A0FE797E400CCAA60 /* INyARDoubleMatrix.h */,
				F86FC41B0FE797E400CCAA60 /* INyARLabeling.h */,
				F86FC41C0FE797E400CCAA60 /* INyARLabelingImage.h */,
				F86FC41D0FE797E400CCAA60 /* INyARMatchPatt.h */,
				F86FC41E0FE797E400CCAA60 /* INyARPca2d.h */,
				F86FC41F0FE797E400CCAA60 /* INyARRaster.h */,
				F86FC4200FE797E400CCAA60 /* INyARRasterFilter_RgbToBin.h */,
				F86FC4210FE797E400CCAA60 /* INyARRgbPixelReader.h */,
				F86FC4220FE797E400CCAA60 /* INyARRgbRaster.h */,
				F86FC4230FE797E400CCAA60 /* INyARRotTransOptimize.h */,
				F86FC4240FE797E400CCAA60 /* INyARSquareDetector.h */,
				F86FC4250FE797E400CCAA60 /* INyARTransMat.h */,
				F86FC4260FE797E400CCAA60 /* NyAR_types.h */,
				F86FC4270FE797E400CCAA60 /* NyARBinRaster.h */,
				F86FC4280FE797E400CCAA60 /* NyARBufferReader.h */,
				F86FC4290FE797E400CCAA60 /* NyARCameraDistortionFactor.h */,
				F86FC42A0FE797E400CCAA60 /* NyARCode.h */,
				F86FC42B0FE797E400CCAA60 /* NyARColorPatt_O3.h */,
				F86FC42C0FE797E400CCAA60 /* nyarcore.h */,
				F86FC42D0FE797E400CCAA60 /* NyARDetectMarker.h */,
				F86FC42E0FE797E400CCAA60 /* NyARDoubleMatrix22.h */,
				F86FC42F0FE797E400CCAA60 /* NyARDoubleMatrix33.h */,
				F86FC4300FE797E400CCAA60 /* NyARDoubleMatrix34.h */,
				F86FC4310FE797E400CCAA60 /* NyARException.h */,
				F86FC4320FE797E400CCAA60 /* NyARFitVecCalculator.h */,
				F86FC4330FE797E400CCAA60 /* NyARGrayscaleRaster.h */,
				F86FC4340FE797E400CCAA60 /* NyARIntPointStack.h */,
				F86FC4350FE797E400CCAA60 /* NyARIntRectStack.h */,
				F86FC4360FE797E400CCAA60 /* NyARLabeling_ARToolKit.h */,
				F86FC4370FE797E400CCAA60 /* NyARLabelingImage.h */,
				F86FC4380FE797E400CCAA60 /* NyARLabelingLabel.h */,
				F86FC4390FE797E400CCAA60 /* NyARLabelingLabelStack.h */,
				F86FC43A0FE797E400CCAA60 /* NyARMat.h */,
				F86FC43B0FE797E400CCAA60 /* NyARMatchPatt_Color_WITHOUT_PCA.h */,
				F86FC43C0FE797E400CCAA60 /* NyARObserv2IdealMap.h */,
				F86FC43D0FE797E400CCAA60 /* NyARParam.h */,
				F86FC43E0FE797E400CCAA60 /* NyARPca2d_MatrixPCA_O2.h */,
				F86FC43F0FE797E400CCAA60 /* NyARPerspectiveProjectionMatrix.h */,
				F86FC4400FE797E400CCAA60 /* NyARRaster_BasicClass.h */,
				F86FC4410FE797E400CCAA60 /* NyARRasterFilter_ARToolkitThreshold.h */,
				F86FC4420FE797E400CCAA60 /* NyARRgbRaster_BasicClass.h */,
				F86FC4430FE797E400CCAA60 /* NyARRgbRaster_BGRA.h */,
				F86FC4440FE797E400CCAA60 /* NyARRotMatrix.h */,
				F86FC4450FE797E400CCAA60 /* NyARRotMatrix_ARToolKit.h */,
				F86FC4460FE797E400CCAA60 /* NyARRotTransOptimize_O2.h */,
				F86FC4470FE797E400CCAA60 /* NyARRotVector.h */,
				F86FC4480FE797E400CCAA60 /* NyARSingleDetectMarker.h */,
				F86FC4490FE797E400CCAA60 /* NyARSquare.h */,
				F86FC44A0FE797E400CCAA60 /* NyARSquareDetector.h */,
				F86FC44B0FE797E400CCAA60 /* NyARSquareStack.h */,
				F86FC44C0FE797E400CCAA60 /* NyARTransMat.h */,
				F86FC44D0FE797E400CCAA60 /* NyARTransMatResult.h */,
				F86FC44E0FE797E400CCAA60 /* NyARTransOffset.h */,
				F86FC44F0FE797E400CCAA60 /* NyARVec.h */,
				F86FC4500FE797E400CCAA60 /* NyARVertexCounter.h */,
			);
			path = core;
			sourceTree = "<group>";
		};
		F86FC4510FE797E400CCAA60 /* core2 */ = {
			isa = PBXGroup;
			children = (
			);
			path = core2;
			sourceTree = "<group>";
		};
		F86FC4540FE797E400CCAA60 /* utils */ = {
			isa = PBXGroup;
			children = (
				F86FC4550FE797E400CCAA60 /* NyAR_utils.h */,
				F86FC4560FE797E400CCAA60 /* NyArray.h */,
				F86FC4570FE797E400CCAA60 /* NyObjectStack.h */,
				F86FC4580FE797E400CCAA60 /* NyStdLib.h */,
			);
			path = utils;
			sourceTree = "<group>";
		};
		F86FC45B0FE797E400CCAA60 /* src */ = {
			isa = PBXGroup;
			children = (
				F86FC45C0FE797E400CCAA60 /* core */,
				F86FC4960FE797E400CCAA60 /* core2 */,
				F86FC4970FE797E400CCAA60 /* utils */,
			);
			path = src;
			sourceTree = "<group>";
		};
		F86FC45C0FE797E400CCAA60 /* core */ = {
			isa = PBXGroup;
			children = (
				F86FC45D0FE797E400CCAA60 /* INyARBufferReader.cpp */,
				F86FC45E0FE797E400CCAA60 /* INyARCameraDistortionFactor.cpp */,
				F86FC45F0FE797E400CCAA60 /* INyARColorPatt.cpp */,
				F86FC4600FE797E400CCAA60 /* INyARDoubleMatrix.cpp */,
				F86FC4610FE797E400CCAA60 /* INyARLabeling.cpp */,
				F86FC4620FE797E400CCAA60 /* INyARLabelingImage.cpp */,
				F86FC4630FE797E400CCAA60 /* INyARMatchPatt.cpp */,
				F86FC4640FE797E400CCAA60 /* INyARPca2d.cpp */,
				F86FC4650FE797E400CCAA60 /* INyARRaster.cpp */,
				F86FC4660FE797E400CCAA60 /* INyARRasterFilter_RgbToBin.cpp */,
				F86FC4670FE797E400CCAA60 /* INyARRgbPixelReader.cpp */,
				F86FC4680FE797E400CCAA60 /* INyARRgbRaster.cpp */,
				F86FC4690FE797E400CCAA60 /* INyARRotTransOptimize.cpp */,
				F86FC46A0FE797E400CCAA60 /* INyARSquareDetector.cpp */,
				F86FC46B0FE797E400CCAA60 /* INyARTransMat.cpp */,
				F86FC46C0FE797E400CCAA60 /* makefile */,
				F86FC46D0FE797E400CCAA60 /* NyARBinRaster.cpp */,
				F86FC46E0FE797E400CCAA60 /* NyARBufferReader.cpp */,
				F86FC46F0FE797E400CCAA60 /* NyARCameraDistortionFactor.cpp */,
				F86FC4700FE797E400CCAA60 /* NyARCode.cpp */,
				F86FC4710FE797E400CCAA60 /* NyARColorPatt_O3.cpp */,
				F86FC4720FE797E400CCAA60 /* NyARDetectMarker.cpp */,
				F86FC4730FE797E400CCAA60 /* NyARDoubleMatrix22.cpp */,
				F86FC4740FE797E400CCAA60 /* NyARDoubleMatrix33.cpp */,
				F86FC4750FE797E400CCAA60 /* NyARDoubleMatrix34.cpp */,
				F86FC4760FE797E400CCAA60 /* NyARException.cpp */,
				F86FC4770FE797E400CCAA60 /* NyARFitVecCalculator.cpp */,
				F86FC4780FE797E400CCAA60 /* NyARGrayscaleRaster.cpp */,
				F86FC4790FE797E400CCAA60 /* NyARIntPointStack.cpp */,
				F86FC47A0FE797E400CCAA60 /* NyARIntRectStack.cpp */,
				F86FC47B0FE797E400CCAA60 /* NyARLabeling_ARToolKit.cpp */,
				F86FC47C0FE797E400CCAA60 /* NyARLabelingImage.cpp */,
				F86FC47D0FE797E400CCAA60 /* NyARLabelingLabel.cpp */,
				F86FC47E0FE797E400CCAA60 /* NyARLabelingLabelStack.cpp */,
				F86FC47F0FE797E400CCAA60 /* NyARMat.cpp */,
				F86FC4800FE797E400CCAA60 /* NyARMatchPatt_Color_WITHOUT_PCA.cpp */,
				F86FC4810FE797E400CCAA60 /* NyARObserv2IdealMap.cpp */,
				F86FC4820FE797E400CCAA60 /* NyARParam.cpp */,
				F86FC4830FE797E400CCAA60 /* NyARPca2d_MatrixPCA_O2.cpp */,
				F86FC4840FE797E400CCAA60 /* NyARPerspectiveProjectionMatrix.cpp */,
				F86FC4850FE797E400CCAA60 /* NyARRaster_BasicClass.cpp */,
				F86FC4860FE797E400CCAA60 /* NyARRasterFilter_ARToolkitThreshold.cpp */,
				F86FC4870FE797E400CCAA60 /* NyARRgbRaster_BasicClass.cpp */,
				F86FC4880FE797E400CCAA60 /* NyARRgbRaster_BGRA.cpp */,
				F86FC4890FE797E400CCAA60 /* NyARRotMatrix.cpp */,
				F86FC48A0FE797E400CCAA60 /* NyARRotMatrix_ARToolKit.cpp */,
				F86FC48B0FE797E400CCAA60 /* NyARRotTransOptimize_O2.cpp */,
				F86FC48C0FE797E400CCAA60 /* NyARRotVector.cpp */,
				F86FC48D0FE797E400CCAA60 /* NyARSingleDetectMarker.cpp */,
				F86FC48E0FE797E400CCAA60 /* NyARSquare.cpp */,
				F86FC48F0FE797E400CCAA60 /* NyARSquareDetector.cpp */,
				F86FC4900FE797E400CCAA60 /* NyARSquareStack.cpp */,
				F86FC4910FE797E400CCAA60 /* NyARTransMat.cpp */,
				F86FC4920FE797E400CCAA60 /* NyARTransMatResult.cpp */,
				F86FC4930FE797E400CCAA60 /* NyARTransOffset.cpp */,
				F86FC4940FE797E400CCAA60 /* NyARVec.cpp */,
				F86FC4950FE797E400CCAA60 /* NyARVertexCounter.cpp */,
			);
			path = core;
			sourceTree = "<group>";
		};
		F86FC4960FE797E400CCAA60 /* core2 */ = {
			isa = PBXGroup;
			children = (
			);
			path = core2;
			sourceTree = "<group>";
		};
		F86FC4970FE797E400CCAA60 /* utils */ = {
			isa = PBXGroup;
			children = (
				F86FC4980FE797E400CCAA60 /* makefile */,
				F86FC4990FE797E400CCAA60 /* NyStdLib.cpp */,
			);
			path = utils;
			sourceTree = "<group>";
		};
		F8F114020FF8D96100DDD537 /* Camera */ = {
			isa = PBXGroup;
			children = (
				F8F114490FF8DDBA00DDD537 /* CDAnonStruct.h */,
				F8F114430FF8DDA500DDD537 /* UIPushButton.h */,
				F8F1143D0FF8DD8D00DDD537 /* UIThreePartButton.h */,
				F8F114360FF8DD6700DDD537 /* UIProgressHUD.h */,
				F8F114320FF8DD4E00DDD537 /* MusicLibrary.h */,
				F8F114330FF8DD4E00DDD537 /* TelephonyUI.h */,
				F8F1140D0FF8D9A200DDD537 /* PhotoLibrary.h */,
				F8F114040FF8D98C00DDD537 /* CameraTestAppDelegate.h */,
				F8F114050FF8D98C00DDD537 /* CameraTestAppDelegate.m */,
				F8F114060FF8D98C00DDD537 /* Surface.h */,
				F8F114070FF8D98C00DDD537 /* Surface.m */,
				F8F114080FF8D98C00DDD537 /* SurfaceAccelerator.h */,
				F8F114090FF8D98C00DDD537 /* SurfaceAccelerator.m */,
			);
			name = Camera;
			sourceTree = "<group>";
		};
/* End PBXGroup section */

/* Begin PBXNativeTarget section */
		1D6058900D05DD3D006BFB54 /* NyARToolkitCrossCompile */ = {
			isa = PBXNativeTarget;
			buildConfigurationList = 1D6058960D05DD3E006BFB54 /* Build configuration list for PBXNativeTarget "NyARToolkitCrossCompile" */;
			buildPhases = (
				1D60588D0D05DD3D006BFB54 /* Resources */,
				1D60588E0D05DD3D006BFB54 /* Sources */,
				1D60588F0D05DD3D006BFB54 /* Frameworks */,
			);
			buildRules = (
			);
			dependencies = (
			);
			name = NyARToolkitCrossCompile;
			productName = NyARToolkitCrossCompile;
			productReference = 1D6058910D05DD3D006BFB54 /* NyARToolkitCrossCompile.app */;
			productType = "com.apple.product-type.application";
		};
/* End PBXNativeTarget section */

/* Begin PBXProject section */
		29B97313FDCFA39411CA2CEA /* Project object */ = {
			isa = PBXProject;
			buildConfigurationList = C01FCF4E08A954540054247B /* Build configuration list for PBXProject "NyARToolkitCrossCompile" */;
			compatibilityVersion = "Xcode 3.1";
			hasScannedForEncodings = 1;
			mainGroup = 29B97314FDCFA39411CA2CEA /* CustomTemplate */;
			projectDirPath = "";
			projectRoot = "";
			targets = (
				1D6058900D05DD3D006BFB54 /* NyARToolkitCrossCompile */,
			);
		};
/* End PBXProject section */

/* Begin PBXResourcesBuildPhase section */
		1D60588D0D05DD3D006BFB54 /* Resources */ = {
			isa = PBXResourcesBuildPhase;
			buildActionMask = 2147483647;
			files = (
				28AD733F0D9D9553002E5188 /* MainWindow.xib in Resources */,
				F86FC49A0FE797E400CCAA60 /* 320x240ABGR.raw in Resources */,
				F86FC49B0FE797E400CCAA60 /* camera_para.dat in Resources */,
				F86FC49C0FE797E400CCAA60 /* patt.hiro in Resources */,
				F86FC49D0FE797E400CCAA60 /* patt.kanji in Resources */,
				F86FC49E0FE797E400CCAA60 /* pattHiro.pdf in Resources */,
				F86FC49F0FE797E400CCAA60 /* pattKanji.pdf in Resources */,
				F86FC4A10FE797E400CCAA60 /* makefile.env in Resources */,
				F86FC4A20FE797E400CCAA60 /* makefile.rule in Resources */,
				F86FC4A60FE797E400CCAA60 /* NyARToolkitCPP.vcproj in Resources */,
				F86FC4A80FE797E400CCAA60 /* NyARToolkitCPP-RawTest.vcproj in Resources */,
				F86FC4A90FE797E400CCAA60 /* NyARToolkitCPP.sln in Resources */,
				F86FC4AA0FE797E400CCAA60 /* LICENCE.txt in Resources */,
				F86FC4AB0FE797E400CCAA60 /* readme.ja.txt in Resources */,
				F86FC6BA0FEF9FA000CCAA60 /* IMG_0020_small.png in Resources */,
				F86FC7810FEFA8AD00CCAA60 /* IMG_0021_small.png in Resources */,
				F86FC7E40FEFAE1600CCAA60 /* IMG_0022.png in Resources */,
				F86FC7F60FEFB01E00CCAA60 /* IMG_0020_r.png in Resources */,
				F86FC8030FEFB10100CCAA60 /* IMG_0021_r.png in Resources */,
				F86FC8580FEFBB8200CCAA60 /* IMG_0022_r.png in Resources */,
			);
			runOnlyForDeploymentPostprocessing = 0;
		};
/* End PBXResourcesBuildPhase section */

/* Begin PBXSourcesBuildPhase section */
		1D60588E0D05DD3D006BFB54 /* Sources */ = {
			isa = PBXSourcesBuildPhase;
			buildActionMask = 2147483647;
			files = (
				1D60589B0D05DD56006BFB54 /* main.m in Sources */,
				1D3623260D0F684500981E51 /* NyARToolkitCrossCompileAppDelegate.m in Sources */,
				F86FC4A00FE797E400CCAA60 /* makefile in Sources */,
				F86FC4A30FE797E400CCAA60 /* makefile in Sources */,
				F86FC4A40FE797E400CCAA60 /* main.cpp in Sources */,
				F86FC4A50FE797E400CCAA60 /* makefile in Sources */,
				F86FC4A70FE797E400CCAA60 /* main.cpp in Sources */,
				F86FC4AC0FE797E400CCAA60 /* INyARBufferReader.cpp in Sources */,
				F86FC4AD0FE797E400CCAA60 /* INyARCameraDistortionFactor.cpp in Sources */,
				F86FC4AE0FE797E400CCAA60 /* INyARColorPatt.cpp in Sources */,
				F86FC4AF0FE797E400CCAA60 /* INyARDoubleMatrix.cpp in Sources */,
				F86FC4B00FE797E400CCAA60 /* INyARLabeling.cpp in Sources */,
				F86FC4B10FE797E400CCAA60 /* INyARLabelingImage.cpp in Sources */,
				F86FC4B20FE797E400CCAA60 /* INyARMatchPatt.cpp in Sources */,
				F86FC4B30FE797E400CCAA60 /* INyARPca2d.cpp in Sources */,
				F86FC4B40FE797E400CCAA60 /* INyARRaster.cpp in Sources */,
				F86FC4B50FE797E400CCAA60 /* INyARRasterFilter_RgbToBin.cpp in Sources */,
				F86FC4B60FE797E400CCAA60 /* INyARRgbPixelReader.cpp in Sources */,
				F86FC4B70FE797E400CCAA60 /* INyARRgbRaster.cpp in Sources */,
				F86FC4B80FE797E400CCAA60 /* INyARRotTransOptimize.cpp in Sources */,
				F86FC4B90FE797E400CCAA60 /* INyARSquareDetector.cpp in Sources */,
				F86FC4BA0FE797E400CCAA60 /* INyARTransMat.cpp in Sources */,
				F86FC4BB0FE797E400CCAA60 /* makefile in Sources */,
				F86FC4BC0FE797E400CCAA60 /* NyARBinRaster.cpp in Sources */,
				F86FC4BD0FE797E400CCAA60 /* NyARBufferReader.cpp in Sources */,
				F86FC4BE0FE797E400CCAA60 /* NyARCameraDistortionFactor.cpp in Sources */,
				F86FC4BF0FE797E400CCAA60 /* NyARCode.cpp in Sources */,
				F86FC4C00FE797E400CCAA60 /* NyARColorPatt_O3.cpp in Sources */,
				F86FC4C10FE797E400CCAA60 /* NyARDetectMarker.cpp in Sources */,
				F86FC4C20FE797E400CCAA60 /* NyARDoubleMatrix22.cpp in Sources */,
				F86FC4C30FE797E400CCAA60 /* NyARDoubleMatrix33.cpp in Sources */,
				F86FC4C40FE797E400CCAA60 /* NyARDoubleMatrix34.cpp in Sources */,
				F86FC4C50FE797E400CCAA60 /* NyARException.cpp in Sources */,
				F86FC4C60FE797E400CCAA60 /* NyARFitVecCalculator.cpp in Sources */,
				F86FC4C70FE797E400CCAA60 /* NyARGrayscaleRaster.cpp in Sources */,
				F86FC4C80FE797E400CCAA60 /* NyARIntPointStack.cpp in Sources */,
				F86FC4C90FE797E400CCAA60 /* NyARIntRectStack.cpp in Sources */,
				F86FC4CA0FE797E400CCAA60 /* NyARLabeling_ARToolKit.cpp in Sources */,
				F86FC4CB0FE797E400CCAA60 /* NyARLabelingImage.cpp in Sources */,
				F86FC4CC0FE797E400CCAA60 /* NyARLabelingLabel.cpp in Sources */,
				F86FC4CD0FE797E400CCAA60 /* NyARLabelingLabelStack.cpp in Sources */,
				F86FC4CE0FE797E400CCAA60 /* NyARMat.cpp in Sources */,
				F86FC4CF0FE797E400CCAA60 /* NyARMatchPatt_Color_WITHOUT_PCA.cpp in Sources */,
				F86FC4D00FE797E400CCAA60 /* NyARObserv2IdealMap.cpp in Sources */,
				F86FC4D10FE797E400CCAA60 /* NyARParam.cpp in Sources */,
				F86FC4D20FE797E400CCAA60 /* NyARPca2d_MatrixPCA_O2.cpp in Sources */,
				F86FC4D30FE797E400CCAA60 /* NyARPerspectiveProjectionMatrix.cpp in Sources */,
				F86FC4D40FE797E400CCAA60 /* NyARRaster_BasicClass.cpp in Sources */,
				F86FC4D50FE797E400CCAA60 /* NyARRasterFilter_ARToolkitThreshold.cpp in Sources */,
				F86FC4D60FE797E400CCAA60 /* NyARRgbRaster_BasicClass.cpp in Sources */,
				F86FC4D70FE797E400CCAA60 /* NyARRgbRaster_BGRA.cpp in Sources */,
				F86FC4D80FE797E400CCAA60 /* NyARRotMatrix.cpp in Sources */,
				F86FC4D90FE797E400CCAA60 /* NyARRotMatrix_ARToolKit.cpp in Sources */,
				F86FC4DA0FE797E400CCAA60 /* NyARRotTransOptimize_O2.cpp in Sources */,
				F86FC4DB0FE797E400CCAA60 /* NyARRotVector.cpp in Sources */,
				F86FC4DC0FE797E400CCAA60 /* NyARSingleDetectMarker.cpp in Sources */,
				F86FC4DD0FE797E400CCAA60 /* NyARSquare.cpp in Sources */,
				F86FC4DE0FE797E400CCAA60 /* NyARSquareDetector.cpp in Sources */,
				F86FC4DF0FE797E400CCAA60 /* NyARSquareStack.cpp in Sources */,
				F86FC4E00FE797E400CCAA60 /* NyARTransMat.cpp in Sources */,
				F86FC4E10FE797E400CCAA60 /* NyARTransMatResult.cpp in Sources */,
				F86FC4E20FE797E400CCAA60 /* NyARTransOffset.cpp in Sources */,
				F86FC4E30FE797E400CCAA60 /* NyARVec.cpp in Sources */,
				F86FC4E40FE797E400CCAA60 /* NyARVertexCounter.cpp in Sources */,
				F86FC4E50FE797E400CCAA60 /* makefile in Sources */,
				F86FC4E60FE797E400CCAA60 /* NyStdLib.cpp in Sources */,
				F86FC5340FE8CCBD00CCAA60 /* NyARToolkitWrapper.mm in Sources */,
				F86FC5D40FEF5BFA00CCAA60 /* 3DGraphicsView.m in Sources */,
				F8F1140A0FF8D98C00DDD537 /* CameraTestAppDelegate.m in Sources */,
				F8F1140B0FF8D98C00DDD537 /* Surface.m in Sources */,
				F8F1140C0FF8D98C00DDD537 /* SurfaceAccelerator.m in Sources */,
			);
			runOnlyForDeploymentPostprocessing = 0;
		};
/* End PBXSourcesBuildPhase section */

/* Begin XCBuildConfiguration section */
		1D6058940D05DD3E006BFB54 /* Debug */ = {
			isa = XCBuildConfiguration;
			buildSettings = {
				ALWAYS_SEARCH_USER_PATHS = NO;
				COPY_PHASE_STRIP = NO;
				FRAMEWORK_SEARCH_PATHS = (
					"$(inherited)",
					"\"$(SDKROOT)$(SYSTEM_LIBRARY_DIR)/PrivateFrameworks\"",
				);
				GCC_DYNAMIC_NO_PIC = NO;
				GCC_OPTIMIZATION_LEVEL = 0;
				GCC_PRECOMPILE_PREFIX_HEADER = YES;
				GCC_PREFIX_HEADER = NyARToolkitCrossCompile_Prefix.pch;
				INFOPLIST_FILE = Info.plist;
				PRODUCT_NAME = NyARToolkitCrossCompile;
			};
			name = Debug;
		};
		1D6058950D05DD3E006BFB54 /* Release */ = {
			isa = XCBuildConfiguration;
			buildSettings = {
				ALWAYS_SEARCH_USER_PATHS = NO;
				COPY_PHASE_STRIP = YES;
				FRAMEWORK_SEARCH_PATHS = (
					"$(inherited)",
					"\"$(SDKROOT)$(SYSTEM_LIBRARY_DIR)/PrivateFrameworks\"",
				);
				GCC_PRECOMPILE_PREFIX_HEADER = YES;
				GCC_PREFIX_HEADER = NyARToolkitCrossCompile_Prefix.pch;
				INFOPLIST_FILE = Info.plist;
				PRODUCT_NAME = NyARToolkitCrossCompile;
			};
			name = Release;
		};
		C01FCF4F08A954540054247B /* Debug */ = {
			isa = XCBuildConfiguration;
			buildSettings = {
				ARCHS = "$(ARCHS_STANDARD_32_BIT)";
				"CODE_SIGN_IDENTITY[sdk=iphoneos*]" = "iPhone Developer";
				GCC_C_LANGUAGE_STANDARD = c99;
				GCC_WARN_ABOUT_RETURN_TYPE = YES;
				GCC_WARN_UNUSED_VARIABLE = YES;
				ONLY_ACTIVE_ARCH = YES;
				PREBINDING = NO;
				SDKROOT = iphoneos2.2.1;
			};
			name = Debug;
		};
		C01FCF5008A954540054247B /* Release */ = {
			isa = XCBuildConfiguration;
			buildSettings = {
				ARCHS = "$(ARCHS_STANDARD_32_BIT)";
				"CODE_SIGN_IDENTITY[sdk=iphoneos*]" = "iPhone Developer";
				GCC_C_LANGUAGE_STANDARD = c99;
				GCC_WARN_ABOUT_RETURN_TYPE = YES;
				GCC_WARN_UNUSED_VARIABLE = YES;
				PREBINDING = NO;
				SDKROOT = iphoneos2.2.1;
			};
			name = Release;
		};
/* End XCBuildConfiguration section */

/* Begin XCConfigurationList section */
		1D6058960D05DD3E006BFB54 /* Build configuration list for PBXNativeTarget "NyARToolkitCrossCompile" */ = {
			isa = XCConfigurationList;
			buildConfigurations = (
				1D6058940D05DD3E006BFB54 /* Debug */,
				1D6058950D05DD3E006BFB54 /* Release */,
			);
			defaultConfigurationIsVisible = 0;
			defaultConfigurationName = Release;
		};
		C01FCF4E08A954540054247B /* Build configuration list for PBXProject "NyARToolkitCrossCompile" */ = {
			isa = XCConfigurationList;
			buildConfigurations = (
				C01FCF4F08A954540054247B /* Debug */,
				C01FCF5008A954540054247B /* Release */,
			);
			defaultConfigurationIsVisible = 0;
			defaultConfigurationName = Release;
		};
/* End XCConfigurationList section */
	};
	rootObject = 29B97313FDCFA39411CA2CEA /* Project object */;
}
