
Microsoft Visual Studio Solution File, Format Version 10.00
# Visual C++ Express 2008
Project("{8BC9CEB8-8B4A-11D0-8D11-00A0C91BC942}") = "VirtualSurgeon_Warp", "VirtualSurgeon_Warp\VirtualSurgeon_Warp.vcproj", "{1C5AB591-0B8F-446A-B1EA-ABD4E2756ABB}"
EndProject
Global
	GlobalSection(SolutionConfigurationPlatforms) = preSolution
		Debug|Win32 = Debug|Win32
		Release|Win32 = Release|Win32
	EndGlobalSection
	GlobalSection(ProjectConfigurationPlatforms) = postSolution
		{1C5AB591-0B8F-446A-B1EA-ABD4E2756ABB}.Debug|Win32.ActiveCfg = Debug|Win32
		{1C5AB591-0B8F-446A-B1EA-ABD4E2756ABB}.Debug|Win32.Build.0 = Debug|Win32
		{1C5AB591-0B8F-446A-B1EA-ABD4E2756ABB}.Release|Win32.ActiveCfg = Release|Win32
		{1C5AB591-0B8F-446A-B1EA-ABD4E2756ABB}.Release|Win32.Build.0 = Release|Win32
	EndGlobalSection
	GlobalSection(SolutionProperties) = preSolution
		HideSolutionNode = FALSE
	EndGlobalSection
EndGlobal
