
Microsoft Visual Studio Solution File, Format Version 10.00
# Visual Studio 2008
Project("{8BC9CEB8-8B4A-11D0-8D11-00A0C91BC942}") = "BeTheModel", "BeTheModel.vcproj", "{B362A402-0E76-4C85-901F-61EA638A2B80}"
	ProjectSection(ProjectDependencies) = postProject
		{365980AB-3C67-4B37-BEB0-9650AA0E3E3D} = {365980AB-3C67-4B37-BEB0-9650AA0E3E3D}
	EndProjectSection
EndProject
Project("{8BC9CEB8-8B4A-11D0-8D11-00A0C91BC942}") = "VirtualSurgeon_Warp", "..\VirtualSurgeon_Warp\VirtualSurgeon_Warp\VirtualSurgeon_Warp.vcproj", "{1C5AB591-0B8F-446A-B1EA-ABD4E2756ABB}"
EndProject
Project("{8BC9CEB8-8B4A-11D0-8D11-00A0C91BC942}") = "GrabCut", "..\GrabCut\GrabCut.vcproj", "{365980AB-3C67-4B37-BEB0-9650AA0E3E3D}"
EndProject
Project("{8BC9CEB8-8B4A-11D0-8D11-00A0C91BC942}") = "VirtualSurgeon_HeadExtractor", "..\VirtualSurgeon_HeadExtractor\VirtualSurgeon_HeadExtractor.vcproj", "{2E4D0CAF-9634-493F-B733-CFB7AE962391}"
EndProject
Project("{8BC9CEB8-8B4A-11D0-8D11-00A0C91BC942}") = "GCv2p3", "..\GCv2p3\GCv2p3.vcproj", "{192A5005-EAFA-492A-B166-3E0F4534278D}"
EndProject
Project("{8BC9CEB8-8B4A-11D0-8D11-00A0C91BC942}") = "matting", "..\matting\matting\matting.vcproj", "{8320FFB3-6354-479A-9A28-413F29417C70}"
EndProject
Project("{8BC9CEB8-8B4A-11D0-8D11-00A0C91BC942}") = "VirtualSurgeon_Utils", "..\VirtualSurgeon_Utils\VirtualSurgeon_Utils.vcproj", "{15FBF626-C021-4C89-87E9-EDFA63F58418}"
EndProject
Project("{8BC9CEB8-8B4A-11D0-8D11-00A0C91BC942}") = "VirtualSurgeon_NeckFinder", "..\VirtualSurgeon_NeckFinder\VirtualSurgeon_NeckFinder.vcproj", "{2011A9E2-A921-42E0-BF2A-CD2F57A16E55}"
EndProject
Project("{8BC9CEB8-8B4A-11D0-8D11-00A0C91BC942}") = "tnc", "..\tnc\tnc.vcproj", "{65D6236C-ABF5-4E32-8D37-75B033545C55}"
EndProject
Project("{8BC9CEB8-8B4A-11D0-8D11-00A0C91BC942}") = "CompassOperator", "..\CompassOperator\CompassOperator.vcproj", "{23309E11-060E-4E4B-9D44-68C3BEC82C5D}"
EndProject
Project("{FAE04EC0-301F-11D3-BF4B-00C04F79EFBC}") = "VirtualSurgeon_GUI", "..\VirtualSurgeon_GUI\VirtualSurgeon_GUI.csproj", "{F83EA2E7-F0DE-4524-A7B5-0A0E4BA5366D}"
EndProject
Project("{8BC9CEB8-8B4A-11D0-8D11-00A0C91BC942}") = "VirtualSurgeon_CSWrapper", "..\VirtualSurgeon_CSWrapper\VirtualSurgeon_CSWrapper.vcproj", "{D7CCDCFB-A0B3-4E97-A901-B93B7BEC1497}"
EndProject
Project("{FAE04EC0-301F-11D3-BF4B-00C04F79EFBC}") = "VirtualSurgeon_CLI_CS", "..\VirtualSurgeon_CLI_CS\VirtualSurgeon_CLI_CS.csproj", "{0BE44511-0DD3-4479-8620-DF160EB39D87}"
EndProject
Project("{FAE04EC0-301F-11D3-BF4B-00C04F79EFBC}") = "WPG", "..\WPG\WPG\WPG.csproj", "{022EDA6A-0B76-44C3-A530-8312C1B40030}"
EndProject
Project("{8BC9CEB8-8B4A-11D0-8D11-00A0C91BC942}") = "VirtualSurgeon_Recoloring", "..\VirtualSurgeon_Recoloring\VirtualSurgeon_Recoloring.vcproj", "{6B11D864-4861-4FA4-81C3-C74461D6BCE6}"
	ProjectSection(ProjectDependencies) = postProject
		{15FBF626-C021-4C89-87E9-EDFA63F58418} = {15FBF626-C021-4C89-87E9-EDFA63F58418}
	EndProjectSection
EndProject
Project("{FAE04EC0-301F-11D3-BF4B-00C04F79EFBC}") = "OpenCVInterop", "..\OpenCVInterop\OpenCVInterop.csproj", "{6F27A359-1C36-4CD0-8925-31D929385285}"
EndProject
Global
	GlobalSection(SolutionConfigurationPlatforms) = preSolution
		Debug|Any CPU = Debug|Any CPU
		Debug|Mixed Platforms = Debug|Mixed Platforms
		Debug|Win32 = Debug|Win32
		Part1|Any CPU = Part1|Any CPU
		Part1|Mixed Platforms = Part1|Mixed Platforms
		Part1|Win32 = Part1|Win32
		Release|Any CPU = Release|Any CPU
		Release|Mixed Platforms = Release|Mixed Platforms
		Release|Win32 = Release|Win32
		Release-for-server|Any CPU = Release-for-server|Any CPU
		Release-for-server|Mixed Platforms = Release-for-server|Mixed Platforms
		Release-for-server|Win32 = Release-for-server|Win32
		Release-Head-Extractor|Any CPU = Release-Head-Extractor|Any CPU
		Release-Head-Extractor|Mixed Platforms = Release-Head-Extractor|Mixed Platforms
		Release-Head-Extractor|Win32 = Release-Head-Extractor|Win32
		Release-with-output|Any CPU = Release-with-output|Any CPU
		Release-with-output|Mixed Platforms = Release-with-output|Mixed Platforms
		Release-with-output|Win32 = Release-with-output|Win32
	EndGlobalSection
	GlobalSection(ProjectConfigurationPlatforms) = postSolution
		{B362A402-0E76-4C85-901F-61EA638A2B80}.Debug|Any CPU.ActiveCfg = Debug|Win32
		{B362A402-0E76-4C85-901F-61EA638A2B80}.Debug|Mixed Platforms.ActiveCfg = Debug|Win32
		{B362A402-0E76-4C85-901F-61EA638A2B80}.Debug|Mixed Platforms.Build.0 = Debug|Win32
		{B362A402-0E76-4C85-901F-61EA638A2B80}.Debug|Win32.ActiveCfg = Debug|Win32
		{B362A402-0E76-4C85-901F-61EA638A2B80}.Debug|Win32.Build.0 = Debug|Win32
		{B362A402-0E76-4C85-901F-61EA638A2B80}.Part1|Any CPU.ActiveCfg = Release-with-output|Win32
		{B362A402-0E76-4C85-901F-61EA638A2B80}.Part1|Mixed Platforms.ActiveCfg = Release-with-output|Win32
		{B362A402-0E76-4C85-901F-61EA638A2B80}.Part1|Win32.ActiveCfg = Release-with-output|Win32
		{B362A402-0E76-4C85-901F-61EA638A2B80}.Release|Any CPU.ActiveCfg = Release|Win32
		{B362A402-0E76-4C85-901F-61EA638A2B80}.Release|Mixed Platforms.ActiveCfg = Release|Win32
		{B362A402-0E76-4C85-901F-61EA638A2B80}.Release|Mixed Platforms.Build.0 = Release|Win32
		{B362A402-0E76-4C85-901F-61EA638A2B80}.Release|Win32.ActiveCfg = Release|Win32
		{B362A402-0E76-4C85-901F-61EA638A2B80}.Release|Win32.Build.0 = Release|Win32
		{B362A402-0E76-4C85-901F-61EA638A2B80}.Release-for-server|Any CPU.ActiveCfg = Release-for-server|Win32
		{B362A402-0E76-4C85-901F-61EA638A2B80}.Release-for-server|Mixed Platforms.ActiveCfg = Release-for-server|Win32
		{B362A402-0E76-4C85-901F-61EA638A2B80}.Release-for-server|Mixed Platforms.Build.0 = Release-for-server|Win32
		{B362A402-0E76-4C85-901F-61EA638A2B80}.Release-for-server|Win32.ActiveCfg = Release-for-server|Win32
		{B362A402-0E76-4C85-901F-61EA638A2B80}.Release-for-server|Win32.Build.0 = Release-for-server|Win32
		{B362A402-0E76-4C85-901F-61EA638A2B80}.Release-Head-Extractor|Any CPU.ActiveCfg = Release-for-server|Win32
		{B362A402-0E76-4C85-901F-61EA638A2B80}.Release-Head-Extractor|Mixed Platforms.ActiveCfg = Release-for-server|Win32
		{B362A402-0E76-4C85-901F-61EA638A2B80}.Release-Head-Extractor|Win32.ActiveCfg = Release-for-server|Win32
		{B362A402-0E76-4C85-901F-61EA638A2B80}.Release-with-output|Any CPU.ActiveCfg = Release-with-output|Win32
		{B362A402-0E76-4C85-901F-61EA638A2B80}.Release-with-output|Mixed Platforms.ActiveCfg = Release-with-output|Win32
		{B362A402-0E76-4C85-901F-61EA638A2B80}.Release-with-output|Mixed Platforms.Build.0 = Release-with-output|Win32
		{B362A402-0E76-4C85-901F-61EA638A2B80}.Release-with-output|Win32.ActiveCfg = Release-with-output|Win32
		{B362A402-0E76-4C85-901F-61EA638A2B80}.Release-with-output|Win32.Build.0 = Release-with-output|Win32
		{1C5AB591-0B8F-446A-B1EA-ABD4E2756ABB}.Debug|Any CPU.ActiveCfg = Debug|Win32
		{1C5AB591-0B8F-446A-B1EA-ABD4E2756ABB}.Debug|Mixed Platforms.ActiveCfg = Debug|Win32
		{1C5AB591-0B8F-446A-B1EA-ABD4E2756ABB}.Debug|Mixed Platforms.Build.0 = Debug|Win32
		{1C5AB591-0B8F-446A-B1EA-ABD4E2756ABB}.Debug|Win32.ActiveCfg = Debug|Win32
		{1C5AB591-0B8F-446A-B1EA-ABD4E2756ABB}.Debug|Win32.Build.0 = Debug|Win32
		{1C5AB591-0B8F-446A-B1EA-ABD4E2756ABB}.Part1|Any CPU.ActiveCfg = Release|Win32
		{1C5AB591-0B8F-446A-B1EA-ABD4E2756ABB}.Part1|Mixed Platforms.ActiveCfg = Release|Win32
		{1C5AB591-0B8F-446A-B1EA-ABD4E2756ABB}.Part1|Mixed Platforms.Build.0 = Release|Win32
		{1C5AB591-0B8F-446A-B1EA-ABD4E2756ABB}.Part1|Win32.ActiveCfg = Release|Win32
		{1C5AB591-0B8F-446A-B1EA-ABD4E2756ABB}.Part1|Win32.Build.0 = Release|Win32
		{1C5AB591-0B8F-446A-B1EA-ABD4E2756ABB}.Release|Any CPU.ActiveCfg = Release|Win32
		{1C5AB591-0B8F-446A-B1EA-ABD4E2756ABB}.Release|Mixed Platforms.ActiveCfg = Release|Win32
		{1C5AB591-0B8F-446A-B1EA-ABD4E2756ABB}.Release|Mixed Platforms.Build.0 = Release|Win32
		{1C5AB591-0B8F-446A-B1EA-ABD4E2756ABB}.Release|Win32.ActiveCfg = Release|Win32
		{1C5AB591-0B8F-446A-B1EA-ABD4E2756ABB}.Release|Win32.Build.0 = Release|Win32
		{1C5AB591-0B8F-446A-B1EA-ABD4E2756ABB}.Release-for-server|Any CPU.ActiveCfg = Release|Win32
		{1C5AB591-0B8F-446A-B1EA-ABD4E2756ABB}.Release-for-server|Mixed Platforms.ActiveCfg = Release|Win32
		{1C5AB591-0B8F-446A-B1EA-ABD4E2756ABB}.Release-for-server|Mixed Platforms.Build.0 = Release|Win32
		{1C5AB591-0B8F-446A-B1EA-ABD4E2756ABB}.Release-for-server|Win32.ActiveCfg = Release|Win32
		{1C5AB591-0B8F-446A-B1EA-ABD4E2756ABB}.Release-for-server|Win32.Build.0 = Release|Win32
		{1C5AB591-0B8F-446A-B1EA-ABD4E2756ABB}.Release-Head-Extractor|Any CPU.ActiveCfg = Release-Head-Extractor|Win32
		{1C5AB591-0B8F-446A-B1EA-ABD4E2756ABB}.Release-Head-Extractor|Mixed Platforms.ActiveCfg = Release-Head-Extractor|Win32
		{1C5AB591-0B8F-446A-B1EA-ABD4E2756ABB}.Release-Head-Extractor|Mixed Platforms.Build.0 = Release-Head-Extractor|Win32
		{1C5AB591-0B8F-446A-B1EA-ABD4E2756ABB}.Release-Head-Extractor|Win32.ActiveCfg = Release-Head-Extractor|Win32
		{1C5AB591-0B8F-446A-B1EA-ABD4E2756ABB}.Release-Head-Extractor|Win32.Build.0 = Release-Head-Extractor|Win32
		{1C5AB591-0B8F-446A-B1EA-ABD4E2756ABB}.Release-with-output|Any CPU.ActiveCfg = Release|Win32
		{1C5AB591-0B8F-446A-B1EA-ABD4E2756ABB}.Release-with-output|Mixed Platforms.ActiveCfg = Release|Win32
		{1C5AB591-0B8F-446A-B1EA-ABD4E2756ABB}.Release-with-output|Mixed Platforms.Build.0 = Release|Win32
		{1C5AB591-0B8F-446A-B1EA-ABD4E2756ABB}.Release-with-output|Win32.ActiveCfg = Release|Win32
		{1C5AB591-0B8F-446A-B1EA-ABD4E2756ABB}.Release-with-output|Win32.Build.0 = Release|Win32
		{365980AB-3C67-4B37-BEB0-9650AA0E3E3D}.Debug|Any CPU.ActiveCfg = Debug|Win32
		{365980AB-3C67-4B37-BEB0-9650AA0E3E3D}.Debug|Mixed Platforms.ActiveCfg = Debug|Win32
		{365980AB-3C67-4B37-BEB0-9650AA0E3E3D}.Debug|Mixed Platforms.Build.0 = Debug|Win32
		{365980AB-3C67-4B37-BEB0-9650AA0E3E3D}.Debug|Win32.ActiveCfg = Debug|Win32
		{365980AB-3C67-4B37-BEB0-9650AA0E3E3D}.Debug|Win32.Build.0 = Debug|Win32
		{365980AB-3C67-4B37-BEB0-9650AA0E3E3D}.Part1|Any CPU.ActiveCfg = Release|Win32
		{365980AB-3C67-4B37-BEB0-9650AA0E3E3D}.Part1|Mixed Platforms.ActiveCfg = Release|Win32
		{365980AB-3C67-4B37-BEB0-9650AA0E3E3D}.Part1|Mixed Platforms.Build.0 = Release|Win32
		{365980AB-3C67-4B37-BEB0-9650AA0E3E3D}.Part1|Win32.ActiveCfg = Release|Win32
		{365980AB-3C67-4B37-BEB0-9650AA0E3E3D}.Part1|Win32.Build.0 = Release|Win32
		{365980AB-3C67-4B37-BEB0-9650AA0E3E3D}.Release|Any CPU.ActiveCfg = Release|Win32
		{365980AB-3C67-4B37-BEB0-9650AA0E3E3D}.Release|Mixed Platforms.ActiveCfg = Release|Win32
		{365980AB-3C67-4B37-BEB0-9650AA0E3E3D}.Release|Mixed Platforms.Build.0 = Release|Win32
		{365980AB-3C67-4B37-BEB0-9650AA0E3E3D}.Release|Win32.ActiveCfg = Release|Win32
		{365980AB-3C67-4B37-BEB0-9650AA0E3E3D}.Release|Win32.Build.0 = Release|Win32
		{365980AB-3C67-4B37-BEB0-9650AA0E3E3D}.Release-for-server|Any CPU.ActiveCfg = Release|Win32
		{365980AB-3C67-4B37-BEB0-9650AA0E3E3D}.Release-for-server|Mixed Platforms.ActiveCfg = Release|Win32
		{365980AB-3C67-4B37-BEB0-9650AA0E3E3D}.Release-for-server|Mixed Platforms.Build.0 = Release|Win32
		{365980AB-3C67-4B37-BEB0-9650AA0E3E3D}.Release-for-server|Win32.ActiveCfg = Release|Win32
		{365980AB-3C67-4B37-BEB0-9650AA0E3E3D}.Release-for-server|Win32.Build.0 = Release|Win32
		{365980AB-3C67-4B37-BEB0-9650AA0E3E3D}.Release-Head-Extractor|Any CPU.ActiveCfg = Release-Head-Extractor|Win32
		{365980AB-3C67-4B37-BEB0-9650AA0E3E3D}.Release-Head-Extractor|Mixed Platforms.ActiveCfg = Release-Head-Extractor|Win32
		{365980AB-3C67-4B37-BEB0-9650AA0E3E3D}.Release-Head-Extractor|Mixed Platforms.Build.0 = Release-Head-Extractor|Win32
		{365980AB-3C67-4B37-BEB0-9650AA0E3E3D}.Release-Head-Extractor|Win32.ActiveCfg = Release-Head-Extractor|Win32
		{365980AB-3C67-4B37-BEB0-9650AA0E3E3D}.Release-Head-Extractor|Win32.Build.0 = Release-Head-Extractor|Win32
		{365980AB-3C67-4B37-BEB0-9650AA0E3E3D}.Release-with-output|Any CPU.ActiveCfg = Release|Win32
		{365980AB-3C67-4B37-BEB0-9650AA0E3E3D}.Release-with-output|Mixed Platforms.ActiveCfg = Release|Win32
		{365980AB-3C67-4B37-BEB0-9650AA0E3E3D}.Release-with-output|Mixed Platforms.Build.0 = Release|Win32
		{365980AB-3C67-4B37-BEB0-9650AA0E3E3D}.Release-with-output|Win32.ActiveCfg = Release|Win32
		{365980AB-3C67-4B37-BEB0-9650AA0E3E3D}.Release-with-output|Win32.Build.0 = Release|Win32
		{2E4D0CAF-9634-493F-B733-CFB7AE962391}.Debug|Any CPU.ActiveCfg = Debug|Win32
		{2E4D0CAF-9634-493F-B733-CFB7AE962391}.Debug|Mixed Platforms.ActiveCfg = Debug|Win32
		{2E4D0CAF-9634-493F-B733-CFB7AE962391}.Debug|Mixed Platforms.Build.0 = Debug|Win32
		{2E4D0CAF-9634-493F-B733-CFB7AE962391}.Debug|Win32.ActiveCfg = Debug|Win32
		{2E4D0CAF-9634-493F-B733-CFB7AE962391}.Debug|Win32.Build.0 = Debug|Win32
		{2E4D0CAF-9634-493F-B733-CFB7AE962391}.Part1|Any CPU.ActiveCfg = Release|Win32
		{2E4D0CAF-9634-493F-B733-CFB7AE962391}.Part1|Mixed Platforms.ActiveCfg = Release|Win32
		{2E4D0CAF-9634-493F-B733-CFB7AE962391}.Part1|Mixed Platforms.Build.0 = Release|Win32
		{2E4D0CAF-9634-493F-B733-CFB7AE962391}.Part1|Win32.ActiveCfg = Release|Win32
		{2E4D0CAF-9634-493F-B733-CFB7AE962391}.Part1|Win32.Build.0 = Release|Win32
		{2E4D0CAF-9634-493F-B733-CFB7AE962391}.Release|Any CPU.ActiveCfg = Release|Win32
		{2E4D0CAF-9634-493F-B733-CFB7AE962391}.Release|Mixed Platforms.ActiveCfg = Release|Win32
		{2E4D0CAF-9634-493F-B733-CFB7AE962391}.Release|Mixed Platforms.Build.0 = Release|Win32
		{2E4D0CAF-9634-493F-B733-CFB7AE962391}.Release|Win32.ActiveCfg = Release|Win32
		{2E4D0CAF-9634-493F-B733-CFB7AE962391}.Release|Win32.Build.0 = Release|Win32
		{2E4D0CAF-9634-493F-B733-CFB7AE962391}.Release-for-server|Any CPU.ActiveCfg = Release|Win32
		{2E4D0CAF-9634-493F-B733-CFB7AE962391}.Release-for-server|Mixed Platforms.ActiveCfg = Release|Win32
		{2E4D0CAF-9634-493F-B733-CFB7AE962391}.Release-for-server|Mixed Platforms.Build.0 = Release|Win32
		{2E4D0CAF-9634-493F-B733-CFB7AE962391}.Release-for-server|Win32.ActiveCfg = Release|Win32
		{2E4D0CAF-9634-493F-B733-CFB7AE962391}.Release-for-server|Win32.Build.0 = Release|Win32
		{2E4D0CAF-9634-493F-B733-CFB7AE962391}.Release-Head-Extractor|Any CPU.ActiveCfg = Release-Head-Extractor|Win32
		{2E4D0CAF-9634-493F-B733-CFB7AE962391}.Release-Head-Extractor|Mixed Platforms.ActiveCfg = Release-Head-Extractor|Win32
		{2E4D0CAF-9634-493F-B733-CFB7AE962391}.Release-Head-Extractor|Mixed Platforms.Build.0 = Release-Head-Extractor|Win32
		{2E4D0CAF-9634-493F-B733-CFB7AE962391}.Release-Head-Extractor|Win32.ActiveCfg = Release-Head-Extractor|Win32
		{2E4D0CAF-9634-493F-B733-CFB7AE962391}.Release-Head-Extractor|Win32.Build.0 = Release-Head-Extractor|Win32
		{2E4D0CAF-9634-493F-B733-CFB7AE962391}.Release-with-output|Any CPU.ActiveCfg = Release|Win32
		{2E4D0CAF-9634-493F-B733-CFB7AE962391}.Release-with-output|Mixed Platforms.ActiveCfg = Release|Win32
		{2E4D0CAF-9634-493F-B733-CFB7AE962391}.Release-with-output|Mixed Platforms.Build.0 = Release|Win32
		{2E4D0CAF-9634-493F-B733-CFB7AE962391}.Release-with-output|Win32.ActiveCfg = Release|Win32
		{2E4D0CAF-9634-493F-B733-CFB7AE962391}.Release-with-output|Win32.Build.0 = Release|Win32
		{192A5005-EAFA-492A-B166-3E0F4534278D}.Debug|Any CPU.ActiveCfg = Debug|Win32
		{192A5005-EAFA-492A-B166-3E0F4534278D}.Debug|Mixed Platforms.ActiveCfg = Debug|Win32
		{192A5005-EAFA-492A-B166-3E0F4534278D}.Debug|Mixed Platforms.Build.0 = Debug|Win32
		{192A5005-EAFA-492A-B166-3E0F4534278D}.Debug|Win32.ActiveCfg = Debug|Win32
		{192A5005-EAFA-492A-B166-3E0F4534278D}.Debug|Win32.Build.0 = Debug|Win32
		{192A5005-EAFA-492A-B166-3E0F4534278D}.Part1|Any CPU.ActiveCfg = Release|Win32
		{192A5005-EAFA-492A-B166-3E0F4534278D}.Part1|Mixed Platforms.ActiveCfg = Release|Win32
		{192A5005-EAFA-492A-B166-3E0F4534278D}.Part1|Mixed Platforms.Build.0 = Release|Win32
		{192A5005-EAFA-492A-B166-3E0F4534278D}.Part1|Win32.ActiveCfg = Release|Win32
		{192A5005-EAFA-492A-B166-3E0F4534278D}.Part1|Win32.Build.0 = Release|Win32
		{192A5005-EAFA-492A-B166-3E0F4534278D}.Release|Any CPU.ActiveCfg = Release|Win32
		{192A5005-EAFA-492A-B166-3E0F4534278D}.Release|Mixed Platforms.ActiveCfg = Release|Win32
		{192A5005-EAFA-492A-B166-3E0F4534278D}.Release|Mixed Platforms.Build.0 = Release|Win32
		{192A5005-EAFA-492A-B166-3E0F4534278D}.Release|Win32.ActiveCfg = Release|Win32
		{192A5005-EAFA-492A-B166-3E0F4534278D}.Release|Win32.Build.0 = Release|Win32
		{192A5005-EAFA-492A-B166-3E0F4534278D}.Release-for-server|Any CPU.ActiveCfg = Release|Win32
		{192A5005-EAFA-492A-B166-3E0F4534278D}.Release-for-server|Mixed Platforms.ActiveCfg = Release|Win32
		{192A5005-EAFA-492A-B166-3E0F4534278D}.Release-for-server|Mixed Platforms.Build.0 = Release|Win32
		{192A5005-EAFA-492A-B166-3E0F4534278D}.Release-for-server|Win32.ActiveCfg = Release|Win32
		{192A5005-EAFA-492A-B166-3E0F4534278D}.Release-for-server|Win32.Build.0 = Release|Win32
		{192A5005-EAFA-492A-B166-3E0F4534278D}.Release-Head-Extractor|Any CPU.ActiveCfg = Release-Head-Extractor|Win32
		{192A5005-EAFA-492A-B166-3E0F4534278D}.Release-Head-Extractor|Mixed Platforms.ActiveCfg = Release-Head-Extractor|Win32
		{192A5005-EAFA-492A-B166-3E0F4534278D}.Release-Head-Extractor|Mixed Platforms.Build.0 = Release-Head-Extractor|Win32
		{192A5005-EAFA-492A-B166-3E0F4534278D}.Release-Head-Extractor|Win32.ActiveCfg = Release-Head-Extractor|Win32
		{192A5005-EAFA-492A-B166-3E0F4534278D}.Release-Head-Extractor|Win32.Build.0 = Release-Head-Extractor|Win32
		{192A5005-EAFA-492A-B166-3E0F4534278D}.Release-with-output|Any CPU.ActiveCfg = Release|Win32
		{192A5005-EAFA-492A-B166-3E0F4534278D}.Release-with-output|Mixed Platforms.ActiveCfg = Release|Win32
		{192A5005-EAFA-492A-B166-3E0F4534278D}.Release-with-output|Mixed Platforms.Build.0 = Release|Win32
		{192A5005-EAFA-492A-B166-3E0F4534278D}.Release-with-output|Win32.ActiveCfg = Release|Win32
		{192A5005-EAFA-492A-B166-3E0F4534278D}.Release-with-output|Win32.Build.0 = Release|Win32
		{8320FFB3-6354-479A-9A28-413F29417C70}.Debug|Any CPU.ActiveCfg = Debug|Win32
		{8320FFB3-6354-479A-9A28-413F29417C70}.Debug|Mixed Platforms.ActiveCfg = Debug|Win32
		{8320FFB3-6354-479A-9A28-413F29417C70}.Debug|Mixed Platforms.Build.0 = Debug|Win32
		{8320FFB3-6354-479A-9A28-413F29417C70}.Debug|Win32.ActiveCfg = Debug|Win32
		{8320FFB3-6354-479A-9A28-413F29417C70}.Debug|Win32.Build.0 = Debug|Win32
		{8320FFB3-6354-479A-9A28-413F29417C70}.Part1|Any CPU.ActiveCfg = Release|Win32
		{8320FFB3-6354-479A-9A28-413F29417C70}.Part1|Mixed Platforms.ActiveCfg = Release|Win32
		{8320FFB3-6354-479A-9A28-413F29417C70}.Part1|Mixed Platforms.Build.0 = Release|Win32
		{8320FFB3-6354-479A-9A28-413F29417C70}.Part1|Win32.ActiveCfg = Release|Win32
		{8320FFB3-6354-479A-9A28-413F29417C70}.Part1|Win32.Build.0 = Release|Win32
		{8320FFB3-6354-479A-9A28-413F29417C70}.Release|Any CPU.ActiveCfg = Release|Win32
		{8320FFB3-6354-479A-9A28-413F29417C70}.Release|Mixed Platforms.ActiveCfg = Release|Win32
		{8320FFB3-6354-479A-9A28-413F29417C70}.Release|Mixed Platforms.Build.0 = Release|Win32
		{8320FFB3-6354-479A-9A28-413F29417C70}.Release|Win32.ActiveCfg = Release|Win32
		{8320FFB3-6354-479A-9A28-413F29417C70}.Release|Win32.Build.0 = Release|Win32
		{8320FFB3-6354-479A-9A28-413F29417C70}.Release-for-server|Any CPU.ActiveCfg = Release|Win32
		{8320FFB3-6354-479A-9A28-413F29417C70}.Release-for-server|Mixed Platforms.ActiveCfg = Release|Win32
		{8320FFB3-6354-479A-9A28-413F29417C70}.Release-for-server|Mixed Platforms.Build.0 = Release|Win32
		{8320FFB3-6354-479A-9A28-413F29417C70}.Release-for-server|Win32.ActiveCfg = Release|Win32
		{8320FFB3-6354-479A-9A28-413F29417C70}.Release-for-server|Win32.Build.0 = Release|Win32
		{8320FFB3-6354-479A-9A28-413F29417C70}.Release-Head-Extractor|Any CPU.ActiveCfg = Release-Head-Extractor|Win32
		{8320FFB3-6354-479A-9A28-413F29417C70}.Release-Head-Extractor|Mixed Platforms.ActiveCfg = Release-Head-Extractor|Win32
		{8320FFB3-6354-479A-9A28-413F29417C70}.Release-Head-Extractor|Mixed Platforms.Build.0 = Release-Head-Extractor|Win32
		{8320FFB3-6354-479A-9A28-413F29417C70}.Release-Head-Extractor|Win32.ActiveCfg = Release-Head-Extractor|Win32
		{8320FFB3-6354-479A-9A28-413F29417C70}.Release-Head-Extractor|Win32.Build.0 = Release-Head-Extractor|Win32
		{8320FFB3-6354-479A-9A28-413F29417C70}.Release-with-output|Any CPU.ActiveCfg = Release|Win32
		{8320FFB3-6354-479A-9A28-413F29417C70}.Release-with-output|Mixed Platforms.ActiveCfg = Release|Win32
		{8320FFB3-6354-479A-9A28-413F29417C70}.Release-with-output|Mixed Platforms.Build.0 = Release|Win32
		{8320FFB3-6354-479A-9A28-413F29417C70}.Release-with-output|Win32.ActiveCfg = Release|Win32
		{8320FFB3-6354-479A-9A28-413F29417C70}.Release-with-output|Win32.Build.0 = Release|Win32
		{15FBF626-C021-4C89-87E9-EDFA63F58418}.Debug|Any CPU.ActiveCfg = Debug|Win32
		{15FBF626-C021-4C89-87E9-EDFA63F58418}.Debug|Mixed Platforms.ActiveCfg = Debug|Win32
		{15FBF626-C021-4C89-87E9-EDFA63F58418}.Debug|Mixed Platforms.Build.0 = Debug|Win32
		{15FBF626-C021-4C89-87E9-EDFA63F58418}.Debug|Win32.ActiveCfg = Debug|Win32
		{15FBF626-C021-4C89-87E9-EDFA63F58418}.Debug|Win32.Build.0 = Debug|Win32
		{15FBF626-C021-4C89-87E9-EDFA63F58418}.Part1|Any CPU.ActiveCfg = Release|Win32
		{15FBF626-C021-4C89-87E9-EDFA63F58418}.Part1|Mixed Platforms.ActiveCfg = Release|Win32
		{15FBF626-C021-4C89-87E9-EDFA63F58418}.Part1|Mixed Platforms.Build.0 = Release|Win32
		{15FBF626-C021-4C89-87E9-EDFA63F58418}.Part1|Win32.ActiveCfg = Release|Win32
		{15FBF626-C021-4C89-87E9-EDFA63F58418}.Part1|Win32.Build.0 = Release|Win32
		{15FBF626-C021-4C89-87E9-EDFA63F58418}.Release|Any CPU.ActiveCfg = Release|Win32
		{15FBF626-C021-4C89-87E9-EDFA63F58418}.Release|Mixed Platforms.ActiveCfg = Release|Win32
		{15FBF626-C021-4C89-87E9-EDFA63F58418}.Release|Mixed Platforms.Build.0 = Release|Win32
		{15FBF626-C021-4C89-87E9-EDFA63F58418}.Release|Win32.ActiveCfg = Release|Win32
		{15FBF626-C021-4C89-87E9-EDFA63F58418}.Release|Win32.Build.0 = Release|Win32
		{15FBF626-C021-4C89-87E9-EDFA63F58418}.Release-for-server|Any CPU.ActiveCfg = Release|Win32
		{15FBF626-C021-4C89-87E9-EDFA63F58418}.Release-for-server|Mixed Platforms.ActiveCfg = Release|Win32
		{15FBF626-C021-4C89-87E9-EDFA63F58418}.Release-for-server|Mixed Platforms.Build.0 = Release|Win32
		{15FBF626-C021-4C89-87E9-EDFA63F58418}.Release-for-server|Win32.ActiveCfg = Release|Win32
		{15FBF626-C021-4C89-87E9-EDFA63F58418}.Release-for-server|Win32.Build.0 = Release|Win32
		{15FBF626-C021-4C89-87E9-EDFA63F58418}.Release-Head-Extractor|Any CPU.ActiveCfg = Release-Head-Extractor|Win32
		{15FBF626-C021-4C89-87E9-EDFA63F58418}.Release-Head-Extractor|Mixed Platforms.ActiveCfg = Release-Head-Extractor|Win32
		{15FBF626-C021-4C89-87E9-EDFA63F58418}.Release-Head-Extractor|Mixed Platforms.Build.0 = Release-Head-Extractor|Win32
		{15FBF626-C021-4C89-87E9-EDFA63F58418}.Release-Head-Extractor|Win32.ActiveCfg = Release-Head-Extractor|Win32
		{15FBF626-C021-4C89-87E9-EDFA63F58418}.Release-Head-Extractor|Win32.Build.0 = Release-Head-Extractor|Win32
		{15FBF626-C021-4C89-87E9-EDFA63F58418}.Release-with-output|Any CPU.ActiveCfg = Release|Win32
		{15FBF626-C021-4C89-87E9-EDFA63F58418}.Release-with-output|Mixed Platforms.ActiveCfg = Release|Win32
		{15FBF626-C021-4C89-87E9-EDFA63F58418}.Release-with-output|Mixed Platforms.Build.0 = Release|Win32
		{15FBF626-C021-4C89-87E9-EDFA63F58418}.Release-with-output|Win32.ActiveCfg = Release|Win32
		{15FBF626-C021-4C89-87E9-EDFA63F58418}.Release-with-output|Win32.Build.0 = Release|Win32
		{2011A9E2-A921-42E0-BF2A-CD2F57A16E55}.Debug|Any CPU.ActiveCfg = Debug|Win32
		{2011A9E2-A921-42E0-BF2A-CD2F57A16E55}.Debug|Mixed Platforms.ActiveCfg = Debug|Win32
		{2011A9E2-A921-42E0-BF2A-CD2F57A16E55}.Debug|Mixed Platforms.Build.0 = Debug|Win32
		{2011A9E2-A921-42E0-BF2A-CD2F57A16E55}.Debug|Win32.ActiveCfg = Debug|Win32
		{2011A9E2-A921-42E0-BF2A-CD2F57A16E55}.Debug|Win32.Build.0 = Debug|Win32
		{2011A9E2-A921-42E0-BF2A-CD2F57A16E55}.Part1|Any CPU.ActiveCfg = Release|Win32
		{2011A9E2-A921-42E0-BF2A-CD2F57A16E55}.Part1|Mixed Platforms.ActiveCfg = Release|Win32
		{2011A9E2-A921-42E0-BF2A-CD2F57A16E55}.Part1|Mixed Platforms.Build.0 = Release|Win32
		{2011A9E2-A921-42E0-BF2A-CD2F57A16E55}.Part1|Win32.ActiveCfg = Release|Win32
		{2011A9E2-A921-42E0-BF2A-CD2F57A16E55}.Part1|Win32.Build.0 = Release|Win32
		{2011A9E2-A921-42E0-BF2A-CD2F57A16E55}.Release|Any CPU.ActiveCfg = Release|Win32
		{2011A9E2-A921-42E0-BF2A-CD2F57A16E55}.Release|Mixed Platforms.ActiveCfg = Release|Win32
		{2011A9E2-A921-42E0-BF2A-CD2F57A16E55}.Release|Mixed Platforms.Build.0 = Release|Win32
		{2011A9E2-A921-42E0-BF2A-CD2F57A16E55}.Release|Win32.ActiveCfg = Release|Win32
		{2011A9E2-A921-42E0-BF2A-CD2F57A16E55}.Release|Win32.Build.0 = Release|Win32
		{2011A9E2-A921-42E0-BF2A-CD2F57A16E55}.Release-for-server|Any CPU.ActiveCfg = Release|Win32
		{2011A9E2-A921-42E0-BF2A-CD2F57A16E55}.Release-for-server|Mixed Platforms.ActiveCfg = Release|Win32
		{2011A9E2-A921-42E0-BF2A-CD2F57A16E55}.Release-for-server|Mixed Platforms.Build.0 = Release|Win32
		{2011A9E2-A921-42E0-BF2A-CD2F57A16E55}.Release-for-server|Win32.ActiveCfg = Release|Win32
		{2011A9E2-A921-42E0-BF2A-CD2F57A16E55}.Release-for-server|Win32.Build.0 = Release|Win32
		{2011A9E2-A921-42E0-BF2A-CD2F57A16E55}.Release-Head-Extractor|Any CPU.ActiveCfg = Release-Head-Extractor|Win32
		{2011A9E2-A921-42E0-BF2A-CD2F57A16E55}.Release-Head-Extractor|Mixed Platforms.ActiveCfg = Release-Head-Extractor|Win32
		{2011A9E2-A921-42E0-BF2A-CD2F57A16E55}.Release-Head-Extractor|Mixed Platforms.Build.0 = Release-Head-Extractor|Win32
		{2011A9E2-A921-42E0-BF2A-CD2F57A16E55}.Release-Head-Extractor|Win32.ActiveCfg = Release-Head-Extractor|Win32
		{2011A9E2-A921-42E0-BF2A-CD2F57A16E55}.Release-Head-Extractor|Win32.Build.0 = Release-Head-Extractor|Win32
		{2011A9E2-A921-42E0-BF2A-CD2F57A16E55}.Release-with-output|Any CPU.ActiveCfg = Release|Win32
		{2011A9E2-A921-42E0-BF2A-CD2F57A16E55}.Release-with-output|Mixed Platforms.ActiveCfg = Release|Win32
		{2011A9E2-A921-42E0-BF2A-CD2F57A16E55}.Release-with-output|Mixed Platforms.Build.0 = Release|Win32
		{2011A9E2-A921-42E0-BF2A-CD2F57A16E55}.Release-with-output|Win32.ActiveCfg = Release|Win32
		{2011A9E2-A921-42E0-BF2A-CD2F57A16E55}.Release-with-output|Win32.Build.0 = Release|Win32
		{65D6236C-ABF5-4E32-8D37-75B033545C55}.Debug|Any CPU.ActiveCfg = Debug|Win32
		{65D6236C-ABF5-4E32-8D37-75B033545C55}.Debug|Mixed Platforms.ActiveCfg = Debug|Win32
		{65D6236C-ABF5-4E32-8D37-75B033545C55}.Debug|Mixed Platforms.Build.0 = Debug|Win32
		{65D6236C-ABF5-4E32-8D37-75B033545C55}.Debug|Win32.ActiveCfg = Debug|Win32
		{65D6236C-ABF5-4E32-8D37-75B033545C55}.Debug|Win32.Build.0 = Debug|Win32
		{65D6236C-ABF5-4E32-8D37-75B033545C55}.Part1|Any CPU.ActiveCfg = Release|Win32
		{65D6236C-ABF5-4E32-8D37-75B033545C55}.Part1|Mixed Platforms.ActiveCfg = Release|Win32
		{65D6236C-ABF5-4E32-8D37-75B033545C55}.Part1|Mixed Platforms.Build.0 = Release|Win32
		{65D6236C-ABF5-4E32-8D37-75B033545C55}.Part1|Win32.ActiveCfg = Release|Win32
		{65D6236C-ABF5-4E32-8D37-75B033545C55}.Part1|Win32.Build.0 = Release|Win32
		{65D6236C-ABF5-4E32-8D37-75B033545C55}.Release|Any CPU.ActiveCfg = Release|Win32
		{65D6236C-ABF5-4E32-8D37-75B033545C55}.Release|Mixed Platforms.ActiveCfg = Release|Win32
		{65D6236C-ABF5-4E32-8D37-75B033545C55}.Release|Mixed Platforms.Build.0 = Release|Win32
		{65D6236C-ABF5-4E32-8D37-75B033545C55}.Release|Win32.ActiveCfg = Release|Win32
		{65D6236C-ABF5-4E32-8D37-75B033545C55}.Release|Win32.Build.0 = Release|Win32
		{65D6236C-ABF5-4E32-8D37-75B033545C55}.Release-for-server|Any CPU.ActiveCfg = Release|Win32
		{65D6236C-ABF5-4E32-8D37-75B033545C55}.Release-for-server|Mixed Platforms.ActiveCfg = Release|Win32
		{65D6236C-ABF5-4E32-8D37-75B033545C55}.Release-for-server|Mixed Platforms.Build.0 = Release|Win32
		{65D6236C-ABF5-4E32-8D37-75B033545C55}.Release-for-server|Win32.ActiveCfg = Release|Win32
		{65D6236C-ABF5-4E32-8D37-75B033545C55}.Release-for-server|Win32.Build.0 = Release|Win32
		{65D6236C-ABF5-4E32-8D37-75B033545C55}.Release-Head-Extractor|Any CPU.ActiveCfg = Release-Head-Extractor|Win32
		{65D6236C-ABF5-4E32-8D37-75B033545C55}.Release-Head-Extractor|Mixed Platforms.ActiveCfg = Release-Head-Extractor|Win32
		{65D6236C-ABF5-4E32-8D37-75B033545C55}.Release-Head-Extractor|Mixed Platforms.Build.0 = Release-Head-Extractor|Win32
		{65D6236C-ABF5-4E32-8D37-75B033545C55}.Release-Head-Extractor|Win32.ActiveCfg = Release-Head-Extractor|Win32
		{65D6236C-ABF5-4E32-8D37-75B033545C55}.Release-Head-Extractor|Win32.Build.0 = Release-Head-Extractor|Win32
		{65D6236C-ABF5-4E32-8D37-75B033545C55}.Release-with-output|Any CPU.ActiveCfg = Release|Win32
		{65D6236C-ABF5-4E32-8D37-75B033545C55}.Release-with-output|Mixed Platforms.ActiveCfg = Release|Win32
		{65D6236C-ABF5-4E32-8D37-75B033545C55}.Release-with-output|Mixed Platforms.Build.0 = Release|Win32
		{65D6236C-ABF5-4E32-8D37-75B033545C55}.Release-with-output|Win32.ActiveCfg = Release|Win32
		{65D6236C-ABF5-4E32-8D37-75B033545C55}.Release-with-output|Win32.Build.0 = Release|Win32
		{23309E11-060E-4E4B-9D44-68C3BEC82C5D}.Debug|Any CPU.ActiveCfg = Debug|Win32
		{23309E11-060E-4E4B-9D44-68C3BEC82C5D}.Debug|Mixed Platforms.ActiveCfg = Debug|Win32
		{23309E11-060E-4E4B-9D44-68C3BEC82C5D}.Debug|Mixed Platforms.Build.0 = Debug|Win32
		{23309E11-060E-4E4B-9D44-68C3BEC82C5D}.Debug|Win32.ActiveCfg = Debug|Win32
		{23309E11-060E-4E4B-9D44-68C3BEC82C5D}.Debug|Win32.Build.0 = Debug|Win32
		{23309E11-060E-4E4B-9D44-68C3BEC82C5D}.Part1|Any CPU.ActiveCfg = Release|Win32
		{23309E11-060E-4E4B-9D44-68C3BEC82C5D}.Part1|Mixed Platforms.ActiveCfg = Release|Win32
		{23309E11-060E-4E4B-9D44-68C3BEC82C5D}.Part1|Mixed Platforms.Build.0 = Release|Win32
		{23309E11-060E-4E4B-9D44-68C3BEC82C5D}.Part1|Win32.ActiveCfg = Release|Win32
		{23309E11-060E-4E4B-9D44-68C3BEC82C5D}.Part1|Win32.Build.0 = Release|Win32
		{23309E11-060E-4E4B-9D44-68C3BEC82C5D}.Release|Any CPU.ActiveCfg = Release|Win32
		{23309E11-060E-4E4B-9D44-68C3BEC82C5D}.Release|Mixed Platforms.ActiveCfg = Release|Win32
		{23309E11-060E-4E4B-9D44-68C3BEC82C5D}.Release|Mixed Platforms.Build.0 = Release|Win32
		{23309E11-060E-4E4B-9D44-68C3BEC82C5D}.Release|Win32.ActiveCfg = Release|Win32
		{23309E11-060E-4E4B-9D44-68C3BEC82C5D}.Release|Win32.Build.0 = Release|Win32
		{23309E11-060E-4E4B-9D44-68C3BEC82C5D}.Release-for-server|Any CPU.ActiveCfg = Release|Win32
		{23309E11-060E-4E4B-9D44-68C3BEC82C5D}.Release-for-server|Mixed Platforms.ActiveCfg = Release|Win32
		{23309E11-060E-4E4B-9D44-68C3BEC82C5D}.Release-for-server|Mixed Platforms.Build.0 = Release|Win32
		{23309E11-060E-4E4B-9D44-68C3BEC82C5D}.Release-for-server|Win32.ActiveCfg = Release|Win32
		{23309E11-060E-4E4B-9D44-68C3BEC82C5D}.Release-for-server|Win32.Build.0 = Release|Win32
		{23309E11-060E-4E4B-9D44-68C3BEC82C5D}.Release-Head-Extractor|Any CPU.ActiveCfg = Release-Head-Extractor|Win32
		{23309E11-060E-4E4B-9D44-68C3BEC82C5D}.Release-Head-Extractor|Mixed Platforms.ActiveCfg = Release-Head-Extractor|Win32
		{23309E11-060E-4E4B-9D44-68C3BEC82C5D}.Release-Head-Extractor|Mixed Platforms.Build.0 = Release-Head-Extractor|Win32
		{23309E11-060E-4E4B-9D44-68C3BEC82C5D}.Release-Head-Extractor|Win32.ActiveCfg = Release-Head-Extractor|Win32
		{23309E11-060E-4E4B-9D44-68C3BEC82C5D}.Release-Head-Extractor|Win32.Build.0 = Release-Head-Extractor|Win32
		{23309E11-060E-4E4B-9D44-68C3BEC82C5D}.Release-with-output|Any CPU.ActiveCfg = Release|Win32
		{23309E11-060E-4E4B-9D44-68C3BEC82C5D}.Release-with-output|Mixed Platforms.ActiveCfg = Release|Win32
		{23309E11-060E-4E4B-9D44-68C3BEC82C5D}.Release-with-output|Mixed Platforms.Build.0 = Release|Win32
		{23309E11-060E-4E4B-9D44-68C3BEC82C5D}.Release-with-output|Win32.ActiveCfg = Release|Win32
		{23309E11-060E-4E4B-9D44-68C3BEC82C5D}.Release-with-output|Win32.Build.0 = Release|Win32
		{F83EA2E7-F0DE-4524-A7B5-0A0E4BA5366D}.Debug|Any CPU.ActiveCfg = Debug|Any CPU
		{F83EA2E7-F0DE-4524-A7B5-0A0E4BA5366D}.Debug|Any CPU.Build.0 = Debug|Any CPU
		{F83EA2E7-F0DE-4524-A7B5-0A0E4BA5366D}.Debug|Mixed Platforms.ActiveCfg = Debug|Any CPU
		{F83EA2E7-F0DE-4524-A7B5-0A0E4BA5366D}.Debug|Mixed Platforms.Build.0 = Debug|Any CPU
		{F83EA2E7-F0DE-4524-A7B5-0A0E4BA5366D}.Debug|Win32.ActiveCfg = Debug|Any CPU
		{F83EA2E7-F0DE-4524-A7B5-0A0E4BA5366D}.Part1|Any CPU.ActiveCfg = Release|Any CPU
		{F83EA2E7-F0DE-4524-A7B5-0A0E4BA5366D}.Part1|Any CPU.Build.0 = Release|Any CPU
		{F83EA2E7-F0DE-4524-A7B5-0A0E4BA5366D}.Part1|Mixed Platforms.ActiveCfg = Release|Any CPU
		{F83EA2E7-F0DE-4524-A7B5-0A0E4BA5366D}.Part1|Mixed Platforms.Build.0 = Release|Any CPU
		{F83EA2E7-F0DE-4524-A7B5-0A0E4BA5366D}.Part1|Win32.ActiveCfg = Release|Any CPU
		{F83EA2E7-F0DE-4524-A7B5-0A0E4BA5366D}.Release|Any CPU.ActiveCfg = Release|Any CPU
		{F83EA2E7-F0DE-4524-A7B5-0A0E4BA5366D}.Release|Any CPU.Build.0 = Release|Any CPU
		{F83EA2E7-F0DE-4524-A7B5-0A0E4BA5366D}.Release|Mixed Platforms.ActiveCfg = Release|Any CPU
		{F83EA2E7-F0DE-4524-A7B5-0A0E4BA5366D}.Release|Mixed Platforms.Build.0 = Release|Any CPU
		{F83EA2E7-F0DE-4524-A7B5-0A0E4BA5366D}.Release|Win32.ActiveCfg = Release|Any CPU
		{F83EA2E7-F0DE-4524-A7B5-0A0E4BA5366D}.Release-for-server|Any CPU.ActiveCfg = Release|Any CPU
		{F83EA2E7-F0DE-4524-A7B5-0A0E4BA5366D}.Release-for-server|Any CPU.Build.0 = Release|Any CPU
		{F83EA2E7-F0DE-4524-A7B5-0A0E4BA5366D}.Release-for-server|Mixed Platforms.ActiveCfg = Release|Any CPU
		{F83EA2E7-F0DE-4524-A7B5-0A0E4BA5366D}.Release-for-server|Mixed Platforms.Build.0 = Release|Any CPU
		{F83EA2E7-F0DE-4524-A7B5-0A0E4BA5366D}.Release-for-server|Win32.ActiveCfg = Release|Any CPU
		{F83EA2E7-F0DE-4524-A7B5-0A0E4BA5366D}.Release-Head-Extractor|Any CPU.ActiveCfg = Release-Head-Extractor|Any CPU
		{F83EA2E7-F0DE-4524-A7B5-0A0E4BA5366D}.Release-Head-Extractor|Any CPU.Build.0 = Release-Head-Extractor|Any CPU
		{F83EA2E7-F0DE-4524-A7B5-0A0E4BA5366D}.Release-Head-Extractor|Mixed Platforms.ActiveCfg = Release-Head-Extractor|Any CPU
		{F83EA2E7-F0DE-4524-A7B5-0A0E4BA5366D}.Release-Head-Extractor|Mixed Platforms.Build.0 = Release-Head-Extractor|Any CPU
		{F83EA2E7-F0DE-4524-A7B5-0A0E4BA5366D}.Release-Head-Extractor|Win32.ActiveCfg = Release-Head-Extractor|Any CPU
		{F83EA2E7-F0DE-4524-A7B5-0A0E4BA5366D}.Release-with-output|Any CPU.ActiveCfg = Release|Any CPU
		{F83EA2E7-F0DE-4524-A7B5-0A0E4BA5366D}.Release-with-output|Any CPU.Build.0 = Release|Any CPU
		{F83EA2E7-F0DE-4524-A7B5-0A0E4BA5366D}.Release-with-output|Mixed Platforms.ActiveCfg = Release|Any CPU
		{F83EA2E7-F0DE-4524-A7B5-0A0E4BA5366D}.Release-with-output|Mixed Platforms.Build.0 = Release|Any CPU
		{F83EA2E7-F0DE-4524-A7B5-0A0E4BA5366D}.Release-with-output|Win32.ActiveCfg = Release|Any CPU
		{D7CCDCFB-A0B3-4E97-A901-B93B7BEC1497}.Debug|Any CPU.ActiveCfg = Debug|Win32
		{D7CCDCFB-A0B3-4E97-A901-B93B7BEC1497}.Debug|Mixed Platforms.ActiveCfg = Debug|Win32
		{D7CCDCFB-A0B3-4E97-A901-B93B7BEC1497}.Debug|Mixed Platforms.Build.0 = Debug|Win32
		{D7CCDCFB-A0B3-4E97-A901-B93B7BEC1497}.Debug|Win32.ActiveCfg = Debug|Win32
		{D7CCDCFB-A0B3-4E97-A901-B93B7BEC1497}.Debug|Win32.Build.0 = Debug|Win32
		{D7CCDCFB-A0B3-4E97-A901-B93B7BEC1497}.Part1|Any CPU.ActiveCfg = Release|Win32
		{D7CCDCFB-A0B3-4E97-A901-B93B7BEC1497}.Part1|Mixed Platforms.ActiveCfg = Release|Win32
		{D7CCDCFB-A0B3-4E97-A901-B93B7BEC1497}.Part1|Mixed Platforms.Build.0 = Release|Win32
		{D7CCDCFB-A0B3-4E97-A901-B93B7BEC1497}.Part1|Win32.ActiveCfg = Release|Win32
		{D7CCDCFB-A0B3-4E97-A901-B93B7BEC1497}.Part1|Win32.Build.0 = Release|Win32
		{D7CCDCFB-A0B3-4E97-A901-B93B7BEC1497}.Release|Any CPU.ActiveCfg = Release|Win32
		{D7CCDCFB-A0B3-4E97-A901-B93B7BEC1497}.Release|Mixed Platforms.ActiveCfg = Release|Win32
		{D7CCDCFB-A0B3-4E97-A901-B93B7BEC1497}.Release|Mixed Platforms.Build.0 = Release|Win32
		{D7CCDCFB-A0B3-4E97-A901-B93B7BEC1497}.Release|Win32.ActiveCfg = Release|Win32
		{D7CCDCFB-A0B3-4E97-A901-B93B7BEC1497}.Release|Win32.Build.0 = Release|Win32
		{D7CCDCFB-A0B3-4E97-A901-B93B7BEC1497}.Release-for-server|Any CPU.ActiveCfg = Release|Win32
		{D7CCDCFB-A0B3-4E97-A901-B93B7BEC1497}.Release-for-server|Mixed Platforms.ActiveCfg = Release|Win32
		{D7CCDCFB-A0B3-4E97-A901-B93B7BEC1497}.Release-for-server|Mixed Platforms.Build.0 = Release|Win32
		{D7CCDCFB-A0B3-4E97-A901-B93B7BEC1497}.Release-for-server|Win32.ActiveCfg = Release|Win32
		{D7CCDCFB-A0B3-4E97-A901-B93B7BEC1497}.Release-for-server|Win32.Build.0 = Release|Win32
		{D7CCDCFB-A0B3-4E97-A901-B93B7BEC1497}.Release-Head-Extractor|Any CPU.ActiveCfg = Release-Head-Extractor|Win32
		{D7CCDCFB-A0B3-4E97-A901-B93B7BEC1497}.Release-Head-Extractor|Mixed Platforms.ActiveCfg = Release-Head-Extractor|Win32
		{D7CCDCFB-A0B3-4E97-A901-B93B7BEC1497}.Release-Head-Extractor|Mixed Platforms.Build.0 = Release-Head-Extractor|Win32
		{D7CCDCFB-A0B3-4E97-A901-B93B7BEC1497}.Release-Head-Extractor|Win32.ActiveCfg = Release-Head-Extractor|Win32
		{D7CCDCFB-A0B3-4E97-A901-B93B7BEC1497}.Release-Head-Extractor|Win32.Build.0 = Release-Head-Extractor|Win32
		{D7CCDCFB-A0B3-4E97-A901-B93B7BEC1497}.Release-with-output|Any CPU.ActiveCfg = Release|Win32
		{D7CCDCFB-A0B3-4E97-A901-B93B7BEC1497}.Release-with-output|Mixed Platforms.ActiveCfg = Release|Win32
		{D7CCDCFB-A0B3-4E97-A901-B93B7BEC1497}.Release-with-output|Mixed Platforms.Build.0 = Release|Win32
		{D7CCDCFB-A0B3-4E97-A901-B93B7BEC1497}.Release-with-output|Win32.ActiveCfg = Release|Win32
		{D7CCDCFB-A0B3-4E97-A901-B93B7BEC1497}.Release-with-output|Win32.Build.0 = Release|Win32
		{0BE44511-0DD3-4479-8620-DF160EB39D87}.Debug|Any CPU.ActiveCfg = Debug|Any CPU
		{0BE44511-0DD3-4479-8620-DF160EB39D87}.Debug|Any CPU.Build.0 = Debug|Any CPU
		{0BE44511-0DD3-4479-8620-DF160EB39D87}.Debug|Mixed Platforms.ActiveCfg = Debug|Any CPU
		{0BE44511-0DD3-4479-8620-DF160EB39D87}.Debug|Mixed Platforms.Build.0 = Debug|Any CPU
		{0BE44511-0DD3-4479-8620-DF160EB39D87}.Debug|Win32.ActiveCfg = Debug|Any CPU
		{0BE44511-0DD3-4479-8620-DF160EB39D87}.Part1|Any CPU.ActiveCfg = Release|Any CPU
		{0BE44511-0DD3-4479-8620-DF160EB39D87}.Part1|Any CPU.Build.0 = Release|Any CPU
		{0BE44511-0DD3-4479-8620-DF160EB39D87}.Part1|Mixed Platforms.ActiveCfg = Release|Any CPU
		{0BE44511-0DD3-4479-8620-DF160EB39D87}.Part1|Mixed Platforms.Build.0 = Release|Any CPU
		{0BE44511-0DD3-4479-8620-DF160EB39D87}.Part1|Win32.ActiveCfg = Release|Any CPU
		{0BE44511-0DD3-4479-8620-DF160EB39D87}.Release|Any CPU.ActiveCfg = Release|Any CPU
		{0BE44511-0DD3-4479-8620-DF160EB39D87}.Release|Any CPU.Build.0 = Release|Any CPU
		{0BE44511-0DD3-4479-8620-DF160EB39D87}.Release|Mixed Platforms.ActiveCfg = Release|Any CPU
		{0BE44511-0DD3-4479-8620-DF160EB39D87}.Release|Mixed Platforms.Build.0 = Release|Any CPU
		{0BE44511-0DD3-4479-8620-DF160EB39D87}.Release|Win32.ActiveCfg = Release|Any CPU
		{0BE44511-0DD3-4479-8620-DF160EB39D87}.Release-for-server|Any CPU.ActiveCfg = Release|Any CPU
		{0BE44511-0DD3-4479-8620-DF160EB39D87}.Release-for-server|Any CPU.Build.0 = Release|Any CPU
		{0BE44511-0DD3-4479-8620-DF160EB39D87}.Release-for-server|Mixed Platforms.ActiveCfg = Release|Any CPU
		{0BE44511-0DD3-4479-8620-DF160EB39D87}.Release-for-server|Mixed Platforms.Build.0 = Release|Any CPU
		{0BE44511-0DD3-4479-8620-DF160EB39D87}.Release-for-server|Win32.ActiveCfg = Release|Any CPU
		{0BE44511-0DD3-4479-8620-DF160EB39D87}.Release-Head-Extractor|Any CPU.ActiveCfg = Release-Head-Extractor|Any CPU
		{0BE44511-0DD3-4479-8620-DF160EB39D87}.Release-Head-Extractor|Any CPU.Build.0 = Release-Head-Extractor|Any CPU
		{0BE44511-0DD3-4479-8620-DF160EB39D87}.Release-Head-Extractor|Mixed Platforms.ActiveCfg = Release-Head-Extractor|Any CPU
		{0BE44511-0DD3-4479-8620-DF160EB39D87}.Release-Head-Extractor|Mixed Platforms.Build.0 = Release-Head-Extractor|Any CPU
		{0BE44511-0DD3-4479-8620-DF160EB39D87}.Release-Head-Extractor|Win32.ActiveCfg = Release-Head-Extractor|Any CPU
		{0BE44511-0DD3-4479-8620-DF160EB39D87}.Release-with-output|Any CPU.ActiveCfg = Release|Any CPU
		{0BE44511-0DD3-4479-8620-DF160EB39D87}.Release-with-output|Any CPU.Build.0 = Release|Any CPU
		{0BE44511-0DD3-4479-8620-DF160EB39D87}.Release-with-output|Mixed Platforms.ActiveCfg = Release|Any CPU
		{0BE44511-0DD3-4479-8620-DF160EB39D87}.Release-with-output|Mixed Platforms.Build.0 = Release|Any CPU
		{0BE44511-0DD3-4479-8620-DF160EB39D87}.Release-with-output|Win32.ActiveCfg = Release|Any CPU
		{022EDA6A-0B76-44C3-A530-8312C1B40030}.Debug|Any CPU.ActiveCfg = Debug|Any CPU
		{022EDA6A-0B76-44C3-A530-8312C1B40030}.Debug|Any CPU.Build.0 = Debug|Any CPU
		{022EDA6A-0B76-44C3-A530-8312C1B40030}.Debug|Mixed Platforms.ActiveCfg = Debug|Any CPU
		{022EDA6A-0B76-44C3-A530-8312C1B40030}.Debug|Mixed Platforms.Build.0 = Debug|Any CPU
		{022EDA6A-0B76-44C3-A530-8312C1B40030}.Debug|Win32.ActiveCfg = Debug|Any CPU
		{022EDA6A-0B76-44C3-A530-8312C1B40030}.Part1|Any CPU.ActiveCfg = Part1|Any CPU
		{022EDA6A-0B76-44C3-A530-8312C1B40030}.Part1|Any CPU.Build.0 = Part1|Any CPU
		{022EDA6A-0B76-44C3-A530-8312C1B40030}.Part1|Mixed Platforms.ActiveCfg = Part1|Any CPU
		{022EDA6A-0B76-44C3-A530-8312C1B40030}.Part1|Mixed Platforms.Build.0 = Part1|Any CPU
		{022EDA6A-0B76-44C3-A530-8312C1B40030}.Part1|Win32.ActiveCfg = Part1|Any CPU
		{022EDA6A-0B76-44C3-A530-8312C1B40030}.Release|Any CPU.ActiveCfg = Release|Any CPU
		{022EDA6A-0B76-44C3-A530-8312C1B40030}.Release|Any CPU.Build.0 = Release|Any CPU
		{022EDA6A-0B76-44C3-A530-8312C1B40030}.Release|Mixed Platforms.ActiveCfg = Release|Any CPU
		{022EDA6A-0B76-44C3-A530-8312C1B40030}.Release|Mixed Platforms.Build.0 = Release|Any CPU
		{022EDA6A-0B76-44C3-A530-8312C1B40030}.Release|Win32.ActiveCfg = Release|Any CPU
		{022EDA6A-0B76-44C3-A530-8312C1B40030}.Release-for-server|Any CPU.ActiveCfg = Release|Any CPU
		{022EDA6A-0B76-44C3-A530-8312C1B40030}.Release-for-server|Any CPU.Build.0 = Release|Any CPU
		{022EDA6A-0B76-44C3-A530-8312C1B40030}.Release-for-server|Mixed Platforms.ActiveCfg = Release|Any CPU
		{022EDA6A-0B76-44C3-A530-8312C1B40030}.Release-for-server|Mixed Platforms.Build.0 = Release|Any CPU
		{022EDA6A-0B76-44C3-A530-8312C1B40030}.Release-for-server|Win32.ActiveCfg = Release|Any CPU
		{022EDA6A-0B76-44C3-A530-8312C1B40030}.Release-Head-Extractor|Any CPU.ActiveCfg = Release-Head-Extractor|Any CPU
		{022EDA6A-0B76-44C3-A530-8312C1B40030}.Release-Head-Extractor|Any CPU.Build.0 = Release-Head-Extractor|Any CPU
		{022EDA6A-0B76-44C3-A530-8312C1B40030}.Release-Head-Extractor|Mixed Platforms.ActiveCfg = Release-Head-Extractor|Any CPU
		{022EDA6A-0B76-44C3-A530-8312C1B40030}.Release-Head-Extractor|Mixed Platforms.Build.0 = Release-Head-Extractor|Any CPU
		{022EDA6A-0B76-44C3-A530-8312C1B40030}.Release-Head-Extractor|Win32.ActiveCfg = Release-Head-Extractor|Any CPU
		{022EDA6A-0B76-44C3-A530-8312C1B40030}.Release-with-output|Any CPU.ActiveCfg = Release|Any CPU
		{022EDA6A-0B76-44C3-A530-8312C1B40030}.Release-with-output|Any CPU.Build.0 = Release|Any CPU
		{022EDA6A-0B76-44C3-A530-8312C1B40030}.Release-with-output|Mixed Platforms.ActiveCfg = Release|Any CPU
		{022EDA6A-0B76-44C3-A530-8312C1B40030}.Release-with-output|Mixed Platforms.Build.0 = Release|Any CPU
		{022EDA6A-0B76-44C3-A530-8312C1B40030}.Release-with-output|Win32.ActiveCfg = Release|Any CPU
		{6B11D864-4861-4FA4-81C3-C74461D6BCE6}.Debug|Any CPU.ActiveCfg = Debug|Win32
		{6B11D864-4861-4FA4-81C3-C74461D6BCE6}.Debug|Mixed Platforms.ActiveCfg = Debug|Win32
		{6B11D864-4861-4FA4-81C3-C74461D6BCE6}.Debug|Mixed Platforms.Build.0 = Debug|Win32
		{6B11D864-4861-4FA4-81C3-C74461D6BCE6}.Debug|Win32.ActiveCfg = Debug|Win32
		{6B11D864-4861-4FA4-81C3-C74461D6BCE6}.Debug|Win32.Build.0 = Debug|Win32
		{6B11D864-4861-4FA4-81C3-C74461D6BCE6}.Part1|Any CPU.ActiveCfg = Release|Win32
		{6B11D864-4861-4FA4-81C3-C74461D6BCE6}.Part1|Mixed Platforms.ActiveCfg = Release|Win32
		{6B11D864-4861-4FA4-81C3-C74461D6BCE6}.Part1|Mixed Platforms.Build.0 = Release|Win32
		{6B11D864-4861-4FA4-81C3-C74461D6BCE6}.Part1|Win32.ActiveCfg = Release|Win32
		{6B11D864-4861-4FA4-81C3-C74461D6BCE6}.Part1|Win32.Build.0 = Release|Win32
		{6B11D864-4861-4FA4-81C3-C74461D6BCE6}.Release|Any CPU.ActiveCfg = Release|Win32
		{6B11D864-4861-4FA4-81C3-C74461D6BCE6}.Release|Mixed Platforms.ActiveCfg = Release|Win32
		{6B11D864-4861-4FA4-81C3-C74461D6BCE6}.Release|Mixed Platforms.Build.0 = Release|Win32
		{6B11D864-4861-4FA4-81C3-C74461D6BCE6}.Release|Win32.ActiveCfg = Release|Win32
		{6B11D864-4861-4FA4-81C3-C74461D6BCE6}.Release|Win32.Build.0 = Release|Win32
		{6B11D864-4861-4FA4-81C3-C74461D6BCE6}.Release-for-server|Any CPU.ActiveCfg = Release|Win32
		{6B11D864-4861-4FA4-81C3-C74461D6BCE6}.Release-for-server|Mixed Platforms.ActiveCfg = Release|Win32
		{6B11D864-4861-4FA4-81C3-C74461D6BCE6}.Release-for-server|Mixed Platforms.Build.0 = Release|Win32
		{6B11D864-4861-4FA4-81C3-C74461D6BCE6}.Release-for-server|Win32.ActiveCfg = Release|Win32
		{6B11D864-4861-4FA4-81C3-C74461D6BCE6}.Release-for-server|Win32.Build.0 = Release|Win32
		{6B11D864-4861-4FA4-81C3-C74461D6BCE6}.Release-Head-Extractor|Any CPU.ActiveCfg = Release-Head-Extractor|Win32
		{6B11D864-4861-4FA4-81C3-C74461D6BCE6}.Release-Head-Extractor|Mixed Platforms.ActiveCfg = Release-Head-Extractor|Win32
		{6B11D864-4861-4FA4-81C3-C74461D6BCE6}.Release-Head-Extractor|Mixed Platforms.Build.0 = Release-Head-Extractor|Win32
		{6B11D864-4861-4FA4-81C3-C74461D6BCE6}.Release-Head-Extractor|Win32.ActiveCfg = Release-Head-Extractor|Win32
		{6B11D864-4861-4FA4-81C3-C74461D6BCE6}.Release-Head-Extractor|Win32.Build.0 = Release-Head-Extractor|Win32
		{6B11D864-4861-4FA4-81C3-C74461D6BCE6}.Release-with-output|Any CPU.ActiveCfg = Release|Win32
		{6B11D864-4861-4FA4-81C3-C74461D6BCE6}.Release-with-output|Mixed Platforms.ActiveCfg = Release|Win32
		{6B11D864-4861-4FA4-81C3-C74461D6BCE6}.Release-with-output|Mixed Platforms.Build.0 = Release|Win32
		{6B11D864-4861-4FA4-81C3-C74461D6BCE6}.Release-with-output|Win32.ActiveCfg = Release|Win32
		{6B11D864-4861-4FA4-81C3-C74461D6BCE6}.Release-with-output|Win32.Build.0 = Release|Win32
		{6F27A359-1C36-4CD0-8925-31D929385285}.Debug|Any CPU.ActiveCfg = Debug|Any CPU
		{6F27A359-1C36-4CD0-8925-31D929385285}.Debug|Any CPU.Build.0 = Debug|Any CPU
		{6F27A359-1C36-4CD0-8925-31D929385285}.Debug|Mixed Platforms.ActiveCfg = Debug|Any CPU
		{6F27A359-1C36-4CD0-8925-31D929385285}.Debug|Mixed Platforms.Build.0 = Debug|Any CPU
		{6F27A359-1C36-4CD0-8925-31D929385285}.Debug|Win32.ActiveCfg = Debug|Any CPU
		{6F27A359-1C36-4CD0-8925-31D929385285}.Part1|Any CPU.ActiveCfg = Release|Any CPU
		{6F27A359-1C36-4CD0-8925-31D929385285}.Part1|Any CPU.Build.0 = Release|Any CPU
		{6F27A359-1C36-4CD0-8925-31D929385285}.Part1|Mixed Platforms.ActiveCfg = Release|Any CPU
		{6F27A359-1C36-4CD0-8925-31D929385285}.Part1|Mixed Platforms.Build.0 = Release|Any CPU
		{6F27A359-1C36-4CD0-8925-31D929385285}.Part1|Win32.ActiveCfg = Release|Any CPU
		{6F27A359-1C36-4CD0-8925-31D929385285}.Release|Any CPU.ActiveCfg = Release|Any CPU
		{6F27A359-1C36-4CD0-8925-31D929385285}.Release|Any CPU.Build.0 = Release|Any CPU
		{6F27A359-1C36-4CD0-8925-31D929385285}.Release|Mixed Platforms.ActiveCfg = Release|Any CPU
		{6F27A359-1C36-4CD0-8925-31D929385285}.Release|Mixed Platforms.Build.0 = Release|Any CPU
		{6F27A359-1C36-4CD0-8925-31D929385285}.Release|Win32.ActiveCfg = Release|Any CPU
		{6F27A359-1C36-4CD0-8925-31D929385285}.Release-for-server|Any CPU.ActiveCfg = Release|Any CPU
		{6F27A359-1C36-4CD0-8925-31D929385285}.Release-for-server|Any CPU.Build.0 = Release|Any CPU
		{6F27A359-1C36-4CD0-8925-31D929385285}.Release-for-server|Mixed Platforms.ActiveCfg = Release|Any CPU
		{6F27A359-1C36-4CD0-8925-31D929385285}.Release-for-server|Mixed Platforms.Build.0 = Release|Any CPU
		{6F27A359-1C36-4CD0-8925-31D929385285}.Release-for-server|Win32.ActiveCfg = Release|Any CPU
		{6F27A359-1C36-4CD0-8925-31D929385285}.Release-Head-Extractor|Any CPU.ActiveCfg = Release|Any CPU
		{6F27A359-1C36-4CD0-8925-31D929385285}.Release-Head-Extractor|Any CPU.Build.0 = Release|Any CPU
		{6F27A359-1C36-4CD0-8925-31D929385285}.Release-Head-Extractor|Mixed Platforms.ActiveCfg = Release|Any CPU
		{6F27A359-1C36-4CD0-8925-31D929385285}.Release-Head-Extractor|Mixed Platforms.Build.0 = Release|Any CPU
		{6F27A359-1C36-4CD0-8925-31D929385285}.Release-Head-Extractor|Win32.ActiveCfg = Release|Any CPU
		{6F27A359-1C36-4CD0-8925-31D929385285}.Release-with-output|Any CPU.ActiveCfg = Release|Any CPU
		{6F27A359-1C36-4CD0-8925-31D929385285}.Release-with-output|Any CPU.Build.0 = Release|Any CPU
		{6F27A359-1C36-4CD0-8925-31D929385285}.Release-with-output|Mixed Platforms.ActiveCfg = Release|Any CPU
		{6F27A359-1C36-4CD0-8925-31D929385285}.Release-with-output|Mixed Platforms.Build.0 = Release|Any CPU
		{6F27A359-1C36-4CD0-8925-31D929385285}.Release-with-output|Win32.ActiveCfg = Release|Any CPU
	EndGlobalSection
	GlobalSection(SolutionProperties) = preSolution
		HideSolutionNode = FALSE
	EndGlobalSection
EndGlobal
